// !$*UTF8*$!
{
	archiveVersion = 1;
	classes = {
	};
	objectVersion = 77;
	objects = {

/* Begin PBXBuildFile section */
		F81D44852DB7AB7300AAFCA6 /* SettingViewController.swift in Sources */ = {isa = PBXBuildFile; fileRef = F81D44842DB7AB7300AAFCA6 /* SettingViewController.swift */; };
		F81D44872DB7AB9C00AAFCA6 /* SettingViewModel.swift in Sources */ = {isa = PBXBuildFile; fileRef = F81D44862DB7AB9C00AAFCA6 /* SettingViewModel.swift */; };
		F81D44892DB7ABD500AAFCA6 /* SettingView.swift in Sources */ = {isa = PBXBuildFile; fileRef = F81D44882DB7ABD500AAFCA6 /* SettingView.swift */; };
		F81D448B2DB7AD3D00AAFCA6 /* SettingModel.swift in Sources */ = {isa = PBXBuildFile; fileRef = F81D448A2DB7AD3D00AAFCA6 /* SettingModel.swift */; };
		F86E45F22DB67B6800164422 /* AboutViewController.swift in Sources */ = {isa = PBXBuildFile; fileRef = F86E45F12DB67B6800164422 /* AboutViewController.swift */; };
		F86E45F42DB67BD100164422 /* AboutViewModel.swift in Sources */ = {isa = PBXBuildFile; fileRef = F86E45F32DB67BD100164422 /* AboutViewModel.swift */; };
		F86E45F62DB67C0000164422 /* AboutView.swift in Sources */ = {isa = PBXBuildFile; fileRef = F86E45F52DB67C0000164422 /* AboutView.swift */; };
		F86E45F92DB6840400164422 /* BasicTableViewCell.swift in Sources */ = {isa = PBXBuildFile; fileRef = F86E45F82DB6840400164422 /* BasicTableViewCell.swift */; };
		F86E45FB2DB6842B00164422 /* BaseTableViewCell.swift in Sources */ = {isa = PBXBuildFile; fileRef = F86E45FA2DB6842B00164422 /* BaseTableViewCell.swift */; };
		F86E45FE2DB68E6F00164422 /* Differentiator in Frameworks */ = {isa = PBXBuildFile; productRef = F86E45FD2DB68E6F00164422 /* Differentiator */; };
		F86E46002DB68E6F00164422 /* RxDataSources in Frameworks */ = {isa = PBXBuildFile; productRef = F86E45FF2DB68E6F00164422 /* RxDataSources */; };
		F86E46022DB68F8A00164422 /* SectionModel.swift in Sources */ = {isa = PBXBuildFile; fileRef = F86E46012DB68F8A00164422 /* SectionModel.swift */; };
		F86E46062DB694EA00164422 /* AboutModel.swift in Sources */ = {isa = PBXBuildFile; fileRef = F86E46052DB694EA00164422 /* AboutModel.swift */; };
		F86E46082DB69AFA00164422 /* IconView.swift in Sources */ = {isa = PBXBuildFile; fileRef = F86E46072DB69AFA00164422 /* IconView.swift */; };
		F882D6D42D97FD5B00152ED9 /* AppDelegate.swift in Sources */ = {isa = PBXBuildFile; fileRef = F882D6CA2D97FD5B00152ED9 /* AppDelegate.swift */; };
		F882D6D52D97FD5B00152ED9 /* SceneDelegate.swift in Sources */ = {isa = PBXBuildFile; fileRef = F882D6D12D97FD5B00152ED9 /* SceneDelegate.swift */; };
		F882D6D72D97FD5B00152ED9 /* Assets.xcassets in Resources */ = {isa = PBXBuildFile; fileRef = F882D6CB2D97FD5B00152ED9 /* Assets.xcassets */; };
		F882D6D92D97FD5B00152ED9 /* LaunchScreen.storyboard in Resources */ = {isa = PBXBuildFile; fileRef = F882D6CE2D97FD5B00152ED9 /* LaunchScreen.storyboard */; };
		F882D6FB2D9802F200152ED9 /* InfoPlist.strings in Resources */ = {isa = PBXBuildFile; fileRef = F882D6F92D9802F200152ED9 /* InfoPlist.strings */; };
		F882D7102D98081900152ED9 /* .gitignore in Resources */ = {isa = PBXBuildFile; fileRef = F882D70F2D98081900152ED9 /* .gitignore */; };
		F882D7122D98084E00152ED9 /* API.swift in Sources */ = {isa = PBXBuildFile; fileRef = F882D7112D98084E00152ED9 /* API.swift */; };
		F882D7142D98085600152ED9 /* UserDefault.swift in Sources */ = {isa = PBXBuildFile; fileRef = F882D7132D98085600152ED9 /* UserDefault.swift */; };
		F882D7242D980A2700152ED9 /* Constant.swift in Sources */ = {isa = PBXBuildFile; fileRef = F882D7232D980A2700152ED9 /* Constant.swift */; };
		F882D7342D980AA400152ED9 /* BaseViewModel.swift in Sources */ = {isa = PBXBuildFile; fileRef = F882D7302D980AA400152ED9 /* BaseViewModel.swift */; };
		F882D7352D980AA400152ED9 /* BaseCollectionViewCell.swift in Sources */ = {isa = PBXBuildFile; fileRef = F882D7332D980AA400152ED9 /* BaseCollectionViewCell.swift */; };
		F882D7362D980AA400152ED9 /* BaseView.swift in Sources */ = {isa = PBXBuildFile; fileRef = F882D7312D980AA400152ED9 /* BaseView.swift */; };
		F882D7382D980AA400152ED9 /* BaseViewController.swift in Sources */ = {isa = PBXBuildFile; fileRef = F882D72F2D980AA400152ED9 /* BaseViewController.swift */; };
		F882D73A2D980B9D00152ED9 /* BaseViewController+Ex.swift in Sources */ = {isa = PBXBuildFile; fileRef = F882D7392D980B9D00152ED9 /* BaseViewController+Ex.swift */; };
		F882D73C2D980BBD00152ED9 /* MapModel.swift in Sources */ = {isa = PBXBuildFile; fileRef = F882D73B2D980BBD00152ED9 /* MapModel.swift */; };
		F882D73E2D980BDB00152ED9 /* NMapRequest.swift in Sources */ = {isa = PBXBuildFile; fileRef = F882D73D2D980BDB00152ED9 /* NMapRequest.swift */; };
		F882D7402D980BE200152ED9 /* NMapReverseGCResponse.swift in Sources */ = {isa = PBXBuildFile; fileRef = F882D73F2D980BE200152ED9 /* NMapReverseGCResponse.swift */; };
		F882D7422D980BE900152ED9 /* NMapError.swift in Sources */ = {isa = PBXBuildFile; fileRef = F882D7412D980BE900152ED9 /* NMapError.swift */; };
		F882D7442D980BF900152ED9 /* TabBarController.swift in Sources */ = {isa = PBXBuildFile; fileRef = F882D7432D980BF900152ED9 /* TabBarController.swift */; };
		F882D7462D980C0B00152ED9 /* DateManager.swift in Sources */ = {isa = PBXBuildFile; fileRef = F882D7452D980C0B00152ED9 /* DateManager.swift */; };
		F882D7482D980C1700152ED9 /* RealmTable.swift in Sources */ = {isa = PBXBuildFile; fileRef = F882D7472D980C1700152ED9 /* RealmTable.swift */; };
		F882D74A2D980C2100152ED9 /* RealmRepository.swift in Sources */ = {isa = PBXBuildFile; fileRef = F882D7492D980C2100152ED9 /* RealmRepository.swift */; };
		F882D74D2D980D3A00152ED9 /* APIRepository.swift in Sources */ = {isa = PBXBuildFile; fileRef = F882D74C2D980D3A00152ED9 /* APIRepository.swift */; };
		F882D74F2D980D4400152ED9 /* CoreDataRepository.swift in Sources */ = {isa = PBXBuildFile; fileRef = F882D74E2D980D4400152ED9 /* CoreDataRepository.swift */; };
		F882D7A82D9810F900152ED9 /* RxCocoa in Frameworks */ = {isa = PBXBuildFile; productRef = F882D7A72D9810F900152ED9 /* RxCocoa */; };
		F882D7AA2D9810F900152ED9 /* RxSwift in Frameworks */ = {isa = PBXBuildFile; productRef = F882D7A92D9810F900152ED9 /* RxSwift */; };
		F882D7AD2D98111D00152ED9 /* Kingfisher in Frameworks */ = {isa = PBXBuildFile; productRef = F882D7AC2D98111D00152ED9 /* Kingfisher */; };
		F882D7B02D98118B00152ED9 /* RealmSwift in Frameworks */ = {isa = PBXBuildFile; productRef = F882D7AF2D98118B00152ED9 /* RealmSwift */; };
		F882D7B32D9811BE00152ED9 /* SnapKit in Frameworks */ = {isa = PBXBuildFile; productRef = F882D7B22D9811BE00152ED9 /* SnapKit */; };
		F882D7B62D9811EA00152ED9 /* Toast in Frameworks */ = {isa = PBXBuildFile; productRef = F882D7B52D9811EA00152ED9 /* Toast */; };
		F882D7E72D9A60DE00152ED9 /* APIProtocol.swift in Sources */ = {isa = PBXBuildFile; fileRef = F882D7E62D9A60DE00152ED9 /* APIProtocol.swift */; };
		F882D8982D9A7BEF00152ED9 /* NMapResponse.swift in Sources */ = {isa = PBXBuildFile; fileRef = F882D8972D9A7BEF00152ED9 /* NMapResponse.swift */; };
		F882D89B2D9A878000152ED9 /* RealmSwift in Embed Frameworks */ = {isa = PBXBuildFile; productRef = F882D7AF2D98118B00152ED9 /* RealmSwift */; settings = {ATTRIBUTES = (CodeSignOnCopy, ); }; };
		F882D89E2D9A90D900152ED9 /* MapManager.swift in Sources */ = {isa = PBXBuildFile; fileRef = F882D89D2D9A90D900152ED9 /* MapManager.swift */; };
		F882D8A02D9AA9BF00152ED9 /* Map.swift in Sources */ = {isa = PBXBuildFile; fileRef = F882D89F2D9AA9BF00152ED9 /* Map.swift */; };
		F882D8A42D9AC1DC00152ED9 /* RxMKMapView in Frameworks */ = {isa = PBXBuildFile; productRef = F882D8A32D9AC1DC00152ED9 /* RxMKMapView */; };
		F882D8AA2D9AD01300152ED9 /* RxCoreLocation in Frameworks */ = {isa = PBXBuildFile; productRef = F882D8A92D9AD01300152ED9 /* RxCoreLocation */; };
		F882D8DA2D9C04B500152ED9 /* LocationManager.swift in Sources */ = {isa = PBXBuildFile; fileRef = F882D8D92D9C04B500152ED9 /* LocationManager.swift */; };
		F882D8DE2D9C12F900152ED9 /* CustomMapView.swift in Sources */ = {isa = PBXBuildFile; fileRef = F882D8DD2D9C12F900152ED9 /* CustomMapView.swift */; };
		F882DA112D9D037B00152ED9 /* HomeViewController.swift in Sources */ = {isa = PBXBuildFile; fileRef = F882DA102D9D037B00152ED9 /* HomeViewController.swift */; };
		F882DA132D9D038200152ED9 /* HomeViewModel.swift in Sources */ = {isa = PBXBuildFile; fileRef = F882DA122D9D038200152ED9 /* HomeViewModel.swift */; };
		F882DA152D9D038B00152ED9 /* HomeView.swift in Sources */ = {isa = PBXBuildFile; fileRef = F882DA142D9D038B00152ED9 /* HomeView.swift */; };
		F882DA2E2D9D051B00152ED9 /* EntireCourseViewModel.swift in Sources */ = {isa = PBXBuildFile; fileRef = F882DA2A2D9D051B00152ED9 /* EntireCourseViewModel.swift */; };
		F882DA2F2D9D051B00152ED9 /* EntireCourseView.swift in Sources */ = {isa = PBXBuildFile; fileRef = F882DA2C2D9D051B00152ED9 /* EntireCourseView.swift */; };
		F882DA302D9D051B00152ED9 /* EntireCourseViewController.swift in Sources */ = {isa = PBXBuildFile; fileRef = F882DA282D9D051B00152ED9 /* EntireCourseViewController.swift */; };
		F882DA372D9D05B100152ED9 /* CourseViewModel.swift in Sources */ = {isa = PBXBuildFile; fileRef = F882DA332D9D05B100152ED9 /* CourseViewModel.swift */; };
		F882DA382D9D05B100152ED9 /* CourseViewController.swift in Sources */ = {isa = PBXBuildFile; fileRef = F882DA312D9D05B100152ED9 /* CourseViewController.swift */; };
		F882DA392D9D05B100152ED9 /* CourseView.swift in Sources */ = {isa = PBXBuildFile; fileRef = F882DA352D9D05B100152ED9 /* CourseView.swift */; };
		F882DA3B2D9D060000152ED9 /* CourseDetailViewController.swift in Sources */ = {isa = PBXBuildFile; fileRef = F882DA3A2D9D060000152ED9 /* CourseDetailViewController.swift */; };
		F882DA3D2D9D061300152ED9 /* CourseDetailViewModel.swift in Sources */ = {isa = PBXBuildFile; fileRef = F882DA3C2D9D061300152ED9 /* CourseDetailViewModel.swift */; };
		F882DA3F2D9D061400152ED9 /* CourseDetailView.swift in Sources */ = {isa = PBXBuildFile; fileRef = F882DA3E2D9D061400152ED9 /* CourseDetailView.swift */; };
		F882DA422D9D06D400152ED9 /* CreateListViewController.swift in Sources */ = {isa = PBXBuildFile; fileRef = F882DA412D9D06D400152ED9 /* CreateListViewController.swift */; };
		F882DA442D9D06E200152ED9 /* CreateListViewModel.swift in Sources */ = {isa = PBXBuildFile; fileRef = F882DA432D9D06E200152ED9 /* CreateListViewModel.swift */; };
		F882DA462D9D06EA00152ED9 /* CreateListView.swift in Sources */ = {isa = PBXBuildFile; fileRef = F882DA452D9D06EA00152ED9 /* CreateListView.swift */; };
		F882DA482D9D07B400152ED9 /* AppAppearance.swift in Sources */ = {isa = PBXBuildFile; fileRef = F882DA472D9D07B400152ED9 /* AppAppearance.swift */; };
		F882DAF82D9D0F5500152ED9 /* CreateInfoCardView.swift in Sources */ = {isa = PBXBuildFile; fileRef = F882DAF72D9D0F5500152ED9 /* CreateInfoCardView.swift */; };
		F882DAFB2D9D10A300152ED9 /* AppLabel.swift in Sources */ = {isa = PBXBuildFile; fileRef = F882DAFA2D9D10A300152ED9 /* AppLabel.swift */; };
		F882DAFE2D9D184600152ED9 /* RxGesture in Frameworks */ = {isa = PBXBuildFile; productRef = F882DAFD2D9D184600152ED9 /* RxGesture */; };
		F882DB002D9D187B00152ED9 /* BaseViewController+Rx.swift in Sources */ = {isa = PBXBuildFile; fileRef = F882DAFF2D9D187B00152ED9 /* BaseViewController+Rx.swift */; };
		F882DB7C2D9D301500152ED9 /* FloatingView.swift in Sources */ = {isa = PBXBuildFile; fileRef = F882DB7B2D9D301500152ED9 /* FloatingView.swift */; };
		F882DB8D2D9D3B1600152ED9 /* CreateTrackingViewController.swift in Sources */ = {isa = PBXBuildFile; fileRef = F882DB812D9D3B1600152ED9 /* CreateTrackingViewController.swift */; };
		F882DB922D9D3B1600152ED9 /* CreateTrackingView.swift in Sources */ = {isa = PBXBuildFile; fileRef = F882DB892D9D3B1600152ED9 /* CreateTrackingView.swift */; };
		F882DB932D9D3B1600152ED9 /* CreateTrackingViewModel.swift in Sources */ = {isa = PBXBuildFile; fileRef = F882DB852D9D3B1600152ED9 /* CreateTrackingViewModel.swift */; };
		F882DBA72D9D3B1800152ED9 /* CreateAutoView.swift in Sources */ = {isa = PBXBuildFile; fileRef = F882DBA12D9D3B1800152ED9 /* CreateAutoView.swift */; };
		F882DBAB2D9D3B1800152ED9 /* CreateAutoViewController.swift in Sources */ = {isa = PBXBuildFile; fileRef = F882DB992D9D3B1800152ED9 /* CreateAutoViewController.swift */; };
		F882DBAC2D9D3B1800152ED9 /* CreateAutoViewModel.swift in Sources */ = {isa = PBXBuildFile; fileRef = F882DB9D2D9D3B1800152ED9 /* CreateAutoViewModel.swift */; };
		F882DBAF2D9D3C2100152ED9 /* TrackingModalViewController.swift in Sources */ = {isa = PBXBuildFile; fileRef = F882DBAE2D9D3C2100152ED9 /* TrackingModalViewController.swift */; };
		F882DBB12D9D3C6A00152ED9 /* TrackingModalViewModel.swift in Sources */ = {isa = PBXBuildFile; fileRef = F882DBB02D9D3C6A00152ED9 /* TrackingModalViewModel.swift */; };
		F882DBB32D9D3C7100152ED9 /* TrackingModalView.swift in Sources */ = {isa = PBXBuildFile; fileRef = F882DBB22D9D3C7100152ED9 /* TrackingModalView.swift */; };
		F882DBB52D9D472600152ED9 /* FloatingButton.swift in Sources */ = {isa = PBXBuildFile; fileRef = F882DBB42D9D472600152ED9 /* FloatingButton.swift */; };
		F882DBB72D9D475C00152ED9 /* BottomBar.swift in Sources */ = {isa = PBXBuildFile; fileRef = F882DBB62D9D475C00152ED9 /* BottomBar.swift */; };
		F882DBBD2D9D776400152ED9 /* ModalViewController.swift in Sources */ = {isa = PBXBuildFile; fileRef = F882DBBC2D9D776400152ED9 /* ModalViewController.swift */; };
		F882DC6D2D9D77DE00152ED9 /* ModalViewModel.swift in Sources */ = {isa = PBXBuildFile; fileRef = F882DC6C2D9D77DE00152ED9 /* ModalViewModel.swift */; };
		F882DC6F2D9D780800152ED9 /* ModalView.swift in Sources */ = {isa = PBXBuildFile; fileRef = F882DC6E2D9D780800152ED9 /* ModalView.swift */; };
		F882DC712D9D785600152ED9 /* ModalModel.swift in Sources */ = {isa = PBXBuildFile; fileRef = F882DC702D9D785600152ED9 /* ModalModel.swift */; };
		F882DC762D9D84EB00152ED9 /* CreateFormView.swift in Sources */ = {isa = PBXBuildFile; fileRef = F882DC752D9D84EB00152ED9 /* CreateFormView.swift */; };
		F882DC782D9D84F400152ED9 /* CreateFormViewModel.swift in Sources */ = {isa = PBXBuildFile; fileRef = F882DC772D9D84F400152ED9 /* CreateFormViewModel.swift */; };
		F882DC7A2D9D8DBA00152ED9 /* CreateForm.swift in Sources */ = {isa = PBXBuildFile; fileRef = F882DC792D9D8DBA00152ED9 /* CreateForm.swift */; };
		F882DC7C2D9D904300152ED9 /* CreateImageForm.swift in Sources */ = {isa = PBXBuildFile; fileRef = F882DC7B2D9D904300152ED9 /* CreateImageForm.swift */; };
		F882DC7F2D9D944E00152ED9 /* CreateFormViewController.swift in Sources */ = {isa = PBXBuildFile; fileRef = F882DC7E2D9D944E00152ED9 /* CreateFormViewController.swift */; };
		F882DD552D9E4B8800152ED9 /* NumberFormatManager.swift in Sources */ = {isa = PBXBuildFile; fileRef = F882DD542D9E4B8800152ED9 /* NumberFormatManager.swift */; };
		F882DD612D9E737000152ED9 /* CourseModel.swift in Sources */ = {isa = PBXBuildFile; fileRef = F882DD602D9E737000152ED9 /* CourseModel.swift */; };
		F882DE112D9E78E900152ED9 /* RealmProtocol.swift in Sources */ = {isa = PBXBuildFile; fileRef = F882DE102D9E78E900152ED9 /* RealmProtocol.swift */; };
		F882DE132D9EA1C700152ED9 /* CourseFolderPickerButton.swift in Sources */ = {isa = PBXBuildFile; fileRef = F882DE122D9EA1C700152ED9 /* CourseFolderPickerButton.swift */; };
		F882DE152D9EBAB400152ED9 /* ValidationModel.swift in Sources */ = {isa = PBXBuildFile; fileRef = F882DE142D9EBAB400152ED9 /* ValidationModel.swift */; };
		F882DE172D9FDF4B00152ED9 /* TitleButton+Rx.swift in Sources */ = {isa = PBXBuildFile; fileRef = F882DE162D9FDF4B00152ED9 /* TitleButton+Rx.swift */; };
		F882DE1D2DA0098200152ED9 /* CreateFolderViewController.swift in Sources */ = {isa = PBXBuildFile; fileRef = F882DE1C2DA0098200152ED9 /* CreateFolderViewController.swift */; };
		F882DE1F2DA0098F00152ED9 /* CreateFolderViewModel.swift in Sources */ = {isa = PBXBuildFile; fileRef = F882DE1E2DA0098F00152ED9 /* CreateFolderViewModel.swift */; };
		F882DE212DA0099A00152ED9 /* CreateFolderView.swift in Sources */ = {isa = PBXBuildFile; fileRef = F882DE202DA0099A00152ED9 /* CreateFolderView.swift */; };
		F882DE9D2DA02CD300152ED9 /* IQKeyboardManagerSwift in Frameworks */ = {isa = PBXBuildFile; productRef = F882DE9C2DA02CD300152ED9 /* IQKeyboardManagerSwift */; };
		F882DF4D2DA03A8F00152ED9 /* RealmError.swift in Sources */ = {isa = PBXBuildFile; fileRef = F882DF4C2DA03A8F00152ED9 /* RealmError.swift */; };
		F882DFFF2DA1162900152ED9 /* GridCollectionView.swift in Sources */ = {isa = PBXBuildFile; fileRef = F882DFFE2DA1162900152ED9 /* GridCollectionView.swift */; };
		F882E0012DA116A600152ED9 /* CircleImageCollectionViewCell.swift in Sources */ = {isa = PBXBuildFile; fileRef = F882E0002DA116A600152ED9 /* CircleImageCollectionViewCell.swift */; };
		F882E0032DA116C800152ED9 /* HorizontalCollectionViewCell.swift in Sources */ = {isa = PBXBuildFile; fileRef = F882E0022DA116C800152ED9 /* HorizontalCollectionViewCell.swift */; };
		F882E0B42DA1213900152ED9 /* NoneContentView.swift in Sources */ = {isa = PBXBuildFile; fileRef = F882E0B32DA1213900152ED9 /* NoneContentView.swift */; };
		F882E0B72DA1338A00152ED9 /* IconNLabelView.swift in Sources */ = {isa = PBXBuildFile; fileRef = F882E0B62DA1338A00152ED9 /* IconNLabelView.swift */; };
		F882E0B92DA1353100152ED9 /* VerticalCollectionView.swift in Sources */ = {isa = PBXBuildFile; fileRef = F882E0B82DA1353100152ED9 /* VerticalCollectionView.swift */; };
		F882E0BB2DA16B2100152ED9 /* MapThumbnailView.swift in Sources */ = {isa = PBXBuildFile; fileRef = F882E0BA2DA16B2100152ED9 /* MapThumbnailView.swift */; };
		F882E0BD2DA17AD000152ED9 /* MapPickerViewController.swift in Sources */ = {isa = PBXBuildFile; fileRef = F882E0BC2DA17AD000152ED9 /* MapPickerViewController.swift */; };
		F882E0BF2DA17AF800152ED9 /* MapPickerViewModel.swift in Sources */ = {isa = PBXBuildFile; fileRef = F882E0BE2DA17AF800152ED9 /* MapPickerViewModel.swift */; };
		F882E0C12DA17B2400152ED9 /* MapPickerView.swift in Sources */ = {isa = PBXBuildFile; fileRef = F882E0C02DA17B2400152ED9 /* MapPickerView.swift */; };
		F89F61A42DA6B8D800F8F746 /* TitleButton.swift in Sources */ = {isa = PBXBuildFile; fileRef = F89F61A32DA6B8D800F8F746 /* TitleButton.swift */; };
		F89F61A62DA6BEF400F8F746 /* ImageButton.swift in Sources */ = {isa = PBXBuildFile; fileRef = F89F61A52DA6BEF400F8F746 /* ImageButton.swift */; };
		F89F61A82DA6C02000F8F746 /* OpenMapButtonView.swift in Sources */ = {isa = PBXBuildFile; fileRef = F89F61A72DA6C02000F8F746 /* OpenMapButtonView.swift */; };
		F89F61AA2DA6C91A00F8F746 /* ModalButton.swift in Sources */ = {isa = PBXBuildFile; fileRef = F89F61A92DA6C91A00F8F746 /* ModalButton.swift */; };
		F89F61AE2DA8F44400F8F746 /* dummyData.swift in Sources */ = {isa = PBXBuildFile; fileRef = F89F61AD2DA8F44400F8F746 /* dummyData.swift */; };
		F8C4BD842DA238480073128D /* ImageManager.swift in Sources */ = {isa = PBXBuildFile; fileRef = F8C4BD832DA238480073128D /* ImageManager.swift */; };
		F8EE30A52DA2AB0300C95419 /* AppError.swift in Sources */ = {isa = PBXBuildFile; fileRef = F8EE30A42DA2AB0300C95419 /* AppError.swift */; };
		F8EE30A82DA2EB1600C95419 /* IconButton.swift in Sources */ = {isa = PBXBuildFile; fileRef = F8EE30A72DA2EB1600C95419 /* IconButton.swift */; };
		F8EE30AD2DA2F67C00C95419 /* recommendedCourses.swift in Sources */ = {isa = PBXBuildFile; fileRef = F8EE30AC2DA2F67C00C95419 /* recommendedCourses.swift */; };
		F8EE30AF2DA2FDA500C95419 /* BannerView.swift in Sources */ = {isa = PBXBuildFile; fileRef = F8EE30AE2DA2FDA500C95419 /* BannerView.swift */; };
		F8EE30B12DA3039100C95419 /* HorizontalCollectionView.swift in Sources */ = {isa = PBXBuildFile; fileRef = F8EE30B02DA3039100C95419 /* HorizontalCollectionView.swift */; };
		F8EE30B32DA3040500C95419 /* CourseCollectionViewCell.swift in Sources */ = {isa = PBXBuildFile; fileRef = F8EE30B22DA3040500C95419 /* CourseCollectionViewCell.swift */; };
		F8EE30B62DA304D800C95419 /* SectionHeaderView.swift in Sources */ = {isa = PBXBuildFile; fileRef = F8EE30B52DA304D800C95419 /* SectionHeaderView.swift */; };
		F8EE312C2DA3145900C95419 /* UnplashRequest.swift in Sources */ = {isa = PBXBuildFile; fileRef = F8EE312B2DA3145900C95419 /* UnplashRequest.swift */; };
		F8EE312E2DA314F200C95419 /* UnsplashResponse.swift in Sources */ = {isa = PBXBuildFile; fileRef = F8EE312D2DA314F200C95419 /* UnsplashResponse.swift */; };
		F8EE31302DA3153900C95419 /* UnsplashError.swift in Sources */ = {isa = PBXBuildFile; fileRef = F8EE312F2DA3153900C95419 /* UnsplashError.swift */; };
		F8EE31322DA31F7400C95419 /* HomeDetailViewModel.swift in Sources */ = {isa = PBXBuildFile; fileRef = F8EE31312DA31F7400C95419 /* HomeDetailViewModel.swift */; };
		F8EE31342DA31F9600C95419 /* HomeDetailViewController.swift in Sources */ = {isa = PBXBuildFile; fileRef = F8EE31332DA31F9600C95419 /* HomeDetailViewController.swift */; };
		F8EE31362DA31FC100C95419 /* HomeDetailView.swift in Sources */ = {isa = PBXBuildFile; fileRef = F8EE31352DA31FC100C95419 /* HomeDetailView.swift */; };
/* End PBXBuildFile section */

/* Begin PBXCopyFilesBuildPhase section */
		F882D89C2D9A878000152ED9 /* Embed Frameworks */ = {
			isa = PBXCopyFilesBuildPhase;
			buildActionMask = 2147483647;
			dstPath = "";
			dstSubfolderSpec = 10;
			files = (
				F882D89B2D9A878000152ED9 /* RealmSwift in Embed Frameworks */,
			);
			name = "Embed Frameworks";
			runOnlyForDeploymentPostprocessing = 0;
		};
/* End PBXCopyFilesBuildPhase section */

/* Begin PBXFileReference section */
		F81D44842DB7AB7300AAFCA6 /* SettingViewController.swift */ = {isa = PBXFileReference; lastKnownFileType = sourcecode.swift; path = SettingViewController.swift; sourceTree = "<group>"; };
		F81D44862DB7AB9C00AAFCA6 /* SettingViewModel.swift */ = {isa = PBXFileReference; lastKnownFileType = sourcecode.swift; path = SettingViewModel.swift; sourceTree = "<group>"; };
		F81D44882DB7ABD500AAFCA6 /* SettingView.swift */ = {isa = PBXFileReference; lastKnownFileType = sourcecode.swift; path = SettingView.swift; sourceTree = "<group>"; };
		F81D448A2DB7AD3D00AAFCA6 /* SettingModel.swift */ = {isa = PBXFileReference; lastKnownFileType = sourcecode.swift; path = SettingModel.swift; sourceTree = "<group>"; };
		F86E45F12DB67B6800164422 /* AboutViewController.swift */ = {isa = PBXFileReference; lastKnownFileType = sourcecode.swift; path = AboutViewController.swift; sourceTree = "<group>"; };
		F86E45F32DB67BD100164422 /* AboutViewModel.swift */ = {isa = PBXFileReference; lastKnownFileType = sourcecode.swift; path = AboutViewModel.swift; sourceTree = "<group>"; };
		F86E45F52DB67C0000164422 /* AboutView.swift */ = {isa = PBXFileReference; lastKnownFileType = sourcecode.swift; path = AboutView.swift; sourceTree = "<group>"; };
		F86E45F82DB6840400164422 /* BasicTableViewCell.swift */ = {isa = PBXFileReference; lastKnownFileType = sourcecode.swift; path = BasicTableViewCell.swift; sourceTree = "<group>"; };
		F86E45FA2DB6842B00164422 /* BaseTableViewCell.swift */ = {isa = PBXFileReference; lastKnownFileType = sourcecode.swift; path = BaseTableViewCell.swift; sourceTree = "<group>"; };
		F86E46012DB68F8A00164422 /* SectionModel.swift */ = {isa = PBXFileReference; lastKnownFileType = sourcecode.swift; path = SectionModel.swift; sourceTree = "<group>"; };
		F86E46052DB694EA00164422 /* AboutModel.swift */ = {isa = PBXFileReference; lastKnownFileType = sourcecode.swift; path = AboutModel.swift; sourceTree = "<group>"; };
		F86E46072DB69AFA00164422 /* IconView.swift */ = {isa = PBXFileReference; lastKnownFileType = sourcecode.swift; path = IconView.swift; sourceTree = "<group>"; };
		F882D6CA2D97FD5B00152ED9 /* AppDelegate.swift */ = {isa = PBXFileReference; lastKnownFileType = sourcecode.swift; path = AppDelegate.swift; sourceTree = "<group>"; };
		F882D6CB2D97FD5B00152ED9 /* Assets.xcassets */ = {isa = PBXFileReference; lastKnownFileType = folder.assetcatalog; path = Assets.xcassets; sourceTree = "<group>"; };
		F882D6CC2D97FD5B00152ED9 /* Info.plist */ = {isa = PBXFileReference; lastKnownFileType = text.plist.xml; path = Info.plist; sourceTree = "<group>"; };
		F882D6CD2D97FD5B00152ED9 /* Base */ = {isa = PBXFileReference; lastKnownFileType = file.storyboard; name = Base; path = Base.lproj/LaunchScreen.storyboard; sourceTree = "<group>"; };
		F882D6D12D97FD5B00152ED9 /* SceneDelegate.swift */ = {isa = PBXFileReference; lastKnownFileType = sourcecode.swift; path = SceneDelegate.swift; sourceTree = "<group>"; };
		F882D6F82D98001700152ED9 /* ko */ = {isa = PBXFileReference; lastKnownFileType = text.plist.strings; name = ko; path = ko.lproj/LaunchScreen.strings; sourceTree = "<group>"; };
		F882D6FA2D9802F200152ED9 /* en */ = {isa = PBXFileReference; lastKnownFileType = text.plist.strings; name = en; path = en.lproj/InfoPlist.strings; sourceTree = "<group>"; };
		F882D6FC2D98032400152ED9 /* ko */ = {isa = PBXFileReference; lastKnownFileType = text.plist.strings; name = ko; path = ko.lproj/InfoPlist.strings; sourceTree = "<group>"; };
		F882D70E2D9807C800152ED9 /* en */ = {isa = PBXFileReference; lastKnownFileType = text.plist.strings; name = en; path = en.lproj/LaunchScreen.strings; sourceTree = "<group>"; };
		F882D70F2D98081900152ED9 /* .gitignore */ = {isa = PBXFileReference; lastKnownFileType = text; path = .gitignore; sourceTree = "<group>"; };
		F882D7112D98084E00152ED9 /* API.swift */ = {isa = PBXFileReference; lastKnownFileType = sourcecode.swift; path = API.swift; sourceTree = "<group>"; };
		F882D7132D98085600152ED9 /* UserDefault.swift */ = {isa = PBXFileReference; lastKnownFileType = sourcecode.swift; path = UserDefault.swift; sourceTree = "<group>"; };
		F882D7232D980A2700152ED9 /* Constant.swift */ = {isa = PBXFileReference; lastKnownFileType = sourcecode.swift; path = Constant.swift; sourceTree = "<group>"; };
		F882D72F2D980AA400152ED9 /* BaseViewController.swift */ = {isa = PBXFileReference; lastKnownFileType = sourcecode.swift; path = BaseViewController.swift; sourceTree = "<group>"; };
		F882D7302D980AA400152ED9 /* BaseViewModel.swift */ = {isa = PBXFileReference; lastKnownFileType = sourcecode.swift; path = BaseViewModel.swift; sourceTree = "<group>"; };
		F882D7312D980AA400152ED9 /* BaseView.swift */ = {isa = PBXFileReference; lastKnownFileType = sourcecode.swift; path = BaseView.swift; sourceTree = "<group>"; };
		F882D7332D980AA400152ED9 /* BaseCollectionViewCell.swift */ = {isa = PBXFileReference; lastKnownFileType = sourcecode.swift; path = BaseCollectionViewCell.swift; sourceTree = "<group>"; };
		F882D7392D980B9D00152ED9 /* BaseViewController+Ex.swift */ = {isa = PBXFileReference; lastKnownFileType = sourcecode.swift; path = "BaseViewController+Ex.swift"; sourceTree = "<group>"; };
		F882D73B2D980BBD00152ED9 /* MapModel.swift */ = {isa = PBXFileReference; lastKnownFileType = sourcecode.swift; path = MapModel.swift; sourceTree = "<group>"; };
		F882D73D2D980BDB00152ED9 /* NMapRequest.swift */ = {isa = PBXFileReference; lastKnownFileType = sourcecode.swift; path = NMapRequest.swift; sourceTree = "<group>"; };
		F882D73F2D980BE200152ED9 /* NMapReverseGCResponse.swift */ = {isa = PBXFileReference; lastKnownFileType = sourcecode.swift; path = NMapReverseGCResponse.swift; sourceTree = "<group>"; };
		F882D7412D980BE900152ED9 /* NMapError.swift */ = {isa = PBXFileReference; lastKnownFileType = sourcecode.swift; path = NMapError.swift; sourceTree = "<group>"; };
		F882D7432D980BF900152ED9 /* TabBarController.swift */ = {isa = PBXFileReference; lastKnownFileType = sourcecode.swift; path = TabBarController.swift; sourceTree = "<group>"; };
		F882D7452D980C0B00152ED9 /* DateManager.swift */ = {isa = PBXFileReference; lastKnownFileType = sourcecode.swift; path = DateManager.swift; sourceTree = "<group>"; };
		F882D7472D980C1700152ED9 /* RealmTable.swift */ = {isa = PBXFileReference; lastKnownFileType = sourcecode.swift; path = RealmTable.swift; sourceTree = "<group>"; };
		F882D7492D980C2100152ED9 /* RealmRepository.swift */ = {isa = PBXFileReference; lastKnownFileType = sourcecode.swift; path = RealmRepository.swift; sourceTree = "<group>"; };
		F882D74C2D980D3A00152ED9 /* APIRepository.swift */ = {isa = PBXFileReference; lastKnownFileType = sourcecode.swift; path = APIRepository.swift; sourceTree = "<group>"; };
		F882D74E2D980D4400152ED9 /* CoreDataRepository.swift */ = {isa = PBXFileReference; lastKnownFileType = sourcecode.swift; path = CoreDataRepository.swift; sourceTree = "<group>"; };
		F882D7E62D9A60DE00152ED9 /* APIProtocol.swift */ = {isa = PBXFileReference; lastKnownFileType = sourcecode.swift; path = APIProtocol.swift; sourceTree = "<group>"; };
		F882D8972D9A7BEF00152ED9 /* NMapResponse.swift */ = {isa = PBXFileReference; lastKnownFileType = sourcecode.swift; path = NMapResponse.swift; sourceTree = "<group>"; };
		F882D89D2D9A90D900152ED9 /* MapManager.swift */ = {isa = PBXFileReference; lastKnownFileType = sourcecode.swift; path = MapManager.swift; sourceTree = "<group>"; };
		F882D89F2D9AA9BF00152ED9 /* Map.swift */ = {isa = PBXFileReference; lastKnownFileType = sourcecode.swift; path = Map.swift; sourceTree = "<group>"; };
		F882D8D92D9C04B500152ED9 /* LocationManager.swift */ = {isa = PBXFileReference; lastKnownFileType = sourcecode.swift; path = LocationManager.swift; sourceTree = "<group>"; };
		F882D8DD2D9C12F900152ED9 /* CustomMapView.swift */ = {isa = PBXFileReference; lastKnownFileType = sourcecode.swift; path = CustomMapView.swift; sourceTree = "<group>"; };
		F882DA102D9D037B00152ED9 /* HomeViewController.swift */ = {isa = PBXFileReference; lastKnownFileType = sourcecode.swift; path = HomeViewController.swift; sourceTree = "<group>"; };
		F882DA122D9D038200152ED9 /* HomeViewModel.swift */ = {isa = PBXFileReference; lastKnownFileType = sourcecode.swift; path = HomeViewModel.swift; sourceTree = "<group>"; };
		F882DA142D9D038B00152ED9 /* HomeView.swift */ = {isa = PBXFileReference; lastKnownFileType = sourcecode.swift; path = HomeView.swift; sourceTree = "<group>"; };
		F882DA282D9D051B00152ED9 /* EntireCourseViewController.swift */ = {isa = PBXFileReference; lastKnownFileType = sourcecode.swift; path = EntireCourseViewController.swift; sourceTree = "<group>"; };
		F882DA2A2D9D051B00152ED9 /* EntireCourseViewModel.swift */ = {isa = PBXFileReference; lastKnownFileType = sourcecode.swift; path = EntireCourseViewModel.swift; sourceTree = "<group>"; };
		F882DA2C2D9D051B00152ED9 /* EntireCourseView.swift */ = {isa = PBXFileReference; lastKnownFileType = sourcecode.swift; path = EntireCourseView.swift; sourceTree = "<group>"; };
		F882DA312D9D05B100152ED9 /* CourseViewController.swift */ = {isa = PBXFileReference; lastKnownFileType = sourcecode.swift; path = CourseViewController.swift; sourceTree = "<group>"; };
		F882DA332D9D05B100152ED9 /* CourseViewModel.swift */ = {isa = PBXFileReference; lastKnownFileType = sourcecode.swift; path = CourseViewModel.swift; sourceTree = "<group>"; };
		F882DA352D9D05B100152ED9 /* CourseView.swift */ = {isa = PBXFileReference; lastKnownFileType = sourcecode.swift; path = CourseView.swift; sourceTree = "<group>"; };
		F882DA3A2D9D060000152ED9 /* CourseDetailViewController.swift */ = {isa = PBXFileReference; lastKnownFileType = sourcecode.swift; path = CourseDetailViewController.swift; sourceTree = "<group>"; };
		F882DA3C2D9D061300152ED9 /* CourseDetailViewModel.swift */ = {isa = PBXFileReference; lastKnownFileType = sourcecode.swift; path = CourseDetailViewModel.swift; sourceTree = "<group>"; };
		F882DA3E2D9D061400152ED9 /* CourseDetailView.swift */ = {isa = PBXFileReference; lastKnownFileType = sourcecode.swift; path = CourseDetailView.swift; sourceTree = "<group>"; };
		F882DA412D9D06D400152ED9 /* CreateListViewController.swift */ = {isa = PBXFileReference; lastKnownFileType = sourcecode.swift; path = CreateListViewController.swift; sourceTree = "<group>"; };
		F882DA432D9D06E200152ED9 /* CreateListViewModel.swift */ = {isa = PBXFileReference; lastKnownFileType = sourcecode.swift; path = CreateListViewModel.swift; sourceTree = "<group>"; };
		F882DA452D9D06EA00152ED9 /* CreateListView.swift */ = {isa = PBXFileReference; lastKnownFileType = sourcecode.swift; path = CreateListView.swift; sourceTree = "<group>"; };
		F882DA472D9D07B400152ED9 /* AppAppearance.swift */ = {isa = PBXFileReference; lastKnownFileType = sourcecode.swift; path = AppAppearance.swift; sourceTree = "<group>"; };
		F882DAF72D9D0F5500152ED9 /* CreateInfoCardView.swift */ = {isa = PBXFileReference; lastKnownFileType = sourcecode.swift; path = CreateInfoCardView.swift; sourceTree = "<group>"; };
		F882DAFA2D9D10A300152ED9 /* AppLabel.swift */ = {isa = PBXFileReference; lastKnownFileType = sourcecode.swift; path = AppLabel.swift; sourceTree = "<group>"; };
		F882DAFF2D9D187B00152ED9 /* BaseViewController+Rx.swift */ = {isa = PBXFileReference; lastKnownFileType = sourcecode.swift; path = "BaseViewController+Rx.swift"; sourceTree = "<group>"; };
		F882DB7B2D9D301500152ED9 /* FloatingView.swift */ = {isa = PBXFileReference; lastKnownFileType = sourcecode.swift; path = FloatingView.swift; sourceTree = "<group>"; };
		F882DB812D9D3B1600152ED9 /* CreateTrackingViewController.swift */ = {isa = PBXFileReference; lastKnownFileType = sourcecode.swift; path = CreateTrackingViewController.swift; sourceTree = "<group>"; };
		F882DB852D9D3B1600152ED9 /* CreateTrackingViewModel.swift */ = {isa = PBXFileReference; lastKnownFileType = sourcecode.swift; path = CreateTrackingViewModel.swift; sourceTree = "<group>"; };
		F882DB892D9D3B1600152ED9 /* CreateTrackingView.swift */ = {isa = PBXFileReference; lastKnownFileType = sourcecode.swift; path = CreateTrackingView.swift; sourceTree = "<group>"; };
		F882DB992D9D3B1800152ED9 /* CreateAutoViewController.swift */ = {isa = PBXFileReference; lastKnownFileType = sourcecode.swift; path = CreateAutoViewController.swift; sourceTree = "<group>"; };
		F882DB9D2D9D3B1800152ED9 /* CreateAutoViewModel.swift */ = {isa = PBXFileReference; lastKnownFileType = sourcecode.swift; path = CreateAutoViewModel.swift; sourceTree = "<group>"; };
		F882DBA12D9D3B1800152ED9 /* CreateAutoView.swift */ = {isa = PBXFileReference; lastKnownFileType = sourcecode.swift; path = CreateAutoView.swift; sourceTree = "<group>"; };
		F882DBAE2D9D3C2100152ED9 /* TrackingModalViewController.swift */ = {isa = PBXFileReference; lastKnownFileType = sourcecode.swift; path = TrackingModalViewController.swift; sourceTree = "<group>"; };
		F882DBB02D9D3C6A00152ED9 /* TrackingModalViewModel.swift */ = {isa = PBXFileReference; lastKnownFileType = sourcecode.swift; path = TrackingModalViewModel.swift; sourceTree = "<group>"; };
		F882DBB22D9D3C7100152ED9 /* TrackingModalView.swift */ = {isa = PBXFileReference; lastKnownFileType = sourcecode.swift; path = TrackingModalView.swift; sourceTree = "<group>"; };
		F882DBB42D9D472600152ED9 /* FloatingButton.swift */ = {isa = PBXFileReference; lastKnownFileType = sourcecode.swift; path = FloatingButton.swift; sourceTree = "<group>"; };
		F882DBB62D9D475C00152ED9 /* BottomBar.swift */ = {isa = PBXFileReference; lastKnownFileType = sourcecode.swift; path = BottomBar.swift; sourceTree = "<group>"; };
		F882DBBC2D9D776400152ED9 /* ModalViewController.swift */ = {isa = PBXFileReference; lastKnownFileType = sourcecode.swift; path = ModalViewController.swift; sourceTree = "<group>"; };
		F882DC6C2D9D77DE00152ED9 /* ModalViewModel.swift */ = {isa = PBXFileReference; lastKnownFileType = sourcecode.swift; path = ModalViewModel.swift; sourceTree = "<group>"; };
		F882DC6E2D9D780800152ED9 /* ModalView.swift */ = {isa = PBXFileReference; lastKnownFileType = sourcecode.swift; path = ModalView.swift; sourceTree = "<group>"; };
		F882DC702D9D785600152ED9 /* ModalModel.swift */ = {isa = PBXFileReference; lastKnownFileType = sourcecode.swift; path = ModalModel.swift; sourceTree = "<group>"; };
		F882DC752D9D84EB00152ED9 /* CreateFormView.swift */ = {isa = PBXFileReference; lastKnownFileType = sourcecode.swift; path = CreateFormView.swift; sourceTree = "<group>"; };
		F882DC772D9D84F400152ED9 /* CreateFormViewModel.swift */ = {isa = PBXFileReference; lastKnownFileType = sourcecode.swift; path = CreateFormViewModel.swift; sourceTree = "<group>"; };
		F882DC792D9D8DBA00152ED9 /* CreateForm.swift */ = {isa = PBXFileReference; lastKnownFileType = sourcecode.swift; path = CreateForm.swift; sourceTree = "<group>"; };
		F882DC7B2D9D904300152ED9 /* CreateImageForm.swift */ = {isa = PBXFileReference; lastKnownFileType = sourcecode.swift; path = CreateImageForm.swift; sourceTree = "<group>"; };
		F882DC7E2D9D944E00152ED9 /* CreateFormViewController.swift */ = {isa = PBXFileReference; lastKnownFileType = sourcecode.swift; path = CreateFormViewController.swift; sourceTree = "<group>"; };
		F882DD542D9E4B8800152ED9 /* NumberFormatManager.swift */ = {isa = PBXFileReference; lastKnownFileType = sourcecode.swift; path = NumberFormatManager.swift; sourceTree = "<group>"; };
		F882DD602D9E737000152ED9 /* CourseModel.swift */ = {isa = PBXFileReference; lastKnownFileType = sourcecode.swift; path = CourseModel.swift; sourceTree = "<group>"; };
		F882DE102D9E78E900152ED9 /* RealmProtocol.swift */ = {isa = PBXFileReference; lastKnownFileType = sourcecode.swift; path = RealmProtocol.swift; sourceTree = "<group>"; };
		F882DE122D9EA1C700152ED9 /* CourseFolderPickerButton.swift */ = {isa = PBXFileReference; lastKnownFileType = sourcecode.swift; path = CourseFolderPickerButton.swift; sourceTree = "<group>"; };
		F882DE142D9EBAB400152ED9 /* ValidationModel.swift */ = {isa = PBXFileReference; lastKnownFileType = sourcecode.swift; path = ValidationModel.swift; sourceTree = "<group>"; };
		F882DE162D9FDF4B00152ED9 /* TitleButton+Rx.swift */ = {isa = PBXFileReference; lastKnownFileType = sourcecode.swift; path = "TitleButton+Rx.swift"; sourceTree = "<group>"; };
		F882DE1C2DA0098200152ED9 /* CreateFolderViewController.swift */ = {isa = PBXFileReference; lastKnownFileType = sourcecode.swift; path = CreateFolderViewController.swift; sourceTree = "<group>"; };
		F882DE1E2DA0098F00152ED9 /* CreateFolderViewModel.swift */ = {isa = PBXFileReference; lastKnownFileType = sourcecode.swift; path = CreateFolderViewModel.swift; sourceTree = "<group>"; };
		F882DE202DA0099A00152ED9 /* CreateFolderView.swift */ = {isa = PBXFileReference; lastKnownFileType = sourcecode.swift; path = CreateFolderView.swift; sourceTree = "<group>"; };
		F882DF4C2DA03A8F00152ED9 /* RealmError.swift */ = {isa = PBXFileReference; lastKnownFileType = sourcecode.swift; path = RealmError.swift; sourceTree = "<group>"; };
		F882DFFE2DA1162900152ED9 /* GridCollectionView.swift */ = {isa = PBXFileReference; lastKnownFileType = sourcecode.swift; path = GridCollectionView.swift; sourceTree = "<group>"; };
		F882E0002DA116A600152ED9 /* CircleImageCollectionViewCell.swift */ = {isa = PBXFileReference; lastKnownFileType = sourcecode.swift; path = CircleImageCollectionViewCell.swift; sourceTree = "<group>"; };
		F882E0022DA116C800152ED9 /* HorizontalCollectionViewCell.swift */ = {isa = PBXFileReference; lastKnownFileType = sourcecode.swift; path = HorizontalCollectionViewCell.swift; sourceTree = "<group>"; };
		F882E0B32DA1213900152ED9 /* NoneContentView.swift */ = {isa = PBXFileReference; lastKnownFileType = sourcecode.swift; path = NoneContentView.swift; sourceTree = "<group>"; };
		F882E0B62DA1338A00152ED9 /* IconNLabelView.swift */ = {isa = PBXFileReference; lastKnownFileType = sourcecode.swift; path = IconNLabelView.swift; sourceTree = "<group>"; };
		F882E0B82DA1353100152ED9 /* VerticalCollectionView.swift */ = {isa = PBXFileReference; lastKnownFileType = sourcecode.swift; path = VerticalCollectionView.swift; sourceTree = "<group>"; };
		F882E0BA2DA16B2100152ED9 /* MapThumbnailView.swift */ = {isa = PBXFileReference; lastKnownFileType = sourcecode.swift; path = MapThumbnailView.swift; sourceTree = "<group>"; };
		F882E0BC2DA17AD000152ED9 /* MapPickerViewController.swift */ = {isa = PBXFileReference; lastKnownFileType = sourcecode.swift; path = MapPickerViewController.swift; sourceTree = "<group>"; };
		F882E0BE2DA17AF800152ED9 /* MapPickerViewModel.swift */ = {isa = PBXFileReference; lastKnownFileType = sourcecode.swift; path = MapPickerViewModel.swift; sourceTree = "<group>"; };
		F882E0C02DA17B2400152ED9 /* MapPickerView.swift */ = {isa = PBXFileReference; lastKnownFileType = sourcecode.swift; path = MapPickerView.swift; sourceTree = "<group>"; };
		F89F61A32DA6B8D800F8F746 /* TitleButton.swift */ = {isa = PBXFileReference; lastKnownFileType = sourcecode.swift; path = TitleButton.swift; sourceTree = "<group>"; };
		F89F61A52DA6BEF400F8F746 /* ImageButton.swift */ = {isa = PBXFileReference; lastKnownFileType = sourcecode.swift; path = ImageButton.swift; sourceTree = "<group>"; };
		F89F61A72DA6C02000F8F746 /* OpenMapButtonView.swift */ = {isa = PBXFileReference; lastKnownFileType = sourcecode.swift; path = OpenMapButtonView.swift; sourceTree = "<group>"; };
		F89F61A92DA6C91A00F8F746 /* ModalButton.swift */ = {isa = PBXFileReference; lastKnownFileType = sourcecode.swift; path = ModalButton.swift; sourceTree = "<group>"; };
		F89F61AD2DA8F44400F8F746 /* dummyData.swift */ = {isa = PBXFileReference; lastKnownFileType = sourcecode.swift; path = dummyData.swift; sourceTree = "<group>"; };
		F8C4BD832DA238480073128D /* ImageManager.swift */ = {isa = PBXFileReference; lastKnownFileType = sourcecode.swift; path = ImageManager.swift; sourceTree = "<group>"; };
		F8CB35982D8953E900E5F202 /* BariBari.app */ = {isa = PBXFileReference; explicitFileType = wrapper.application; includeInIndex = 0; path = BariBari.app; sourceTree = BUILT_PRODUCTS_DIR; };
		F8EE30A42DA2AB0300C95419 /* AppError.swift */ = {isa = PBXFileReference; lastKnownFileType = sourcecode.swift; path = AppError.swift; sourceTree = "<group>"; };
		F8EE30A72DA2EB1600C95419 /* IconButton.swift */ = {isa = PBXFileReference; lastKnownFileType = sourcecode.swift; path = IconButton.swift; sourceTree = "<group>"; };
		F8EE30AC2DA2F67C00C95419 /* recommendedCourses.swift */ = {isa = PBXFileReference; lastKnownFileType = sourcecode.swift; path = recommendedCourses.swift; sourceTree = "<group>"; };
		F8EE30AE2DA2FDA500C95419 /* BannerView.swift */ = {isa = PBXFileReference; lastKnownFileType = sourcecode.swift; path = BannerView.swift; sourceTree = "<group>"; };
		F8EE30B02DA3039100C95419 /* HorizontalCollectionView.swift */ = {isa = PBXFileReference; lastKnownFileType = sourcecode.swift; path = HorizontalCollectionView.swift; sourceTree = "<group>"; };
		F8EE30B22DA3040500C95419 /* CourseCollectionViewCell.swift */ = {isa = PBXFileReference; lastKnownFileType = sourcecode.swift; path = CourseCollectionViewCell.swift; sourceTree = "<group>"; };
		F8EE30B52DA304D800C95419 /* SectionHeaderView.swift */ = {isa = PBXFileReference; lastKnownFileType = sourcecode.swift; path = SectionHeaderView.swift; sourceTree = "<group>"; };
		F8EE312B2DA3145900C95419 /* UnplashRequest.swift */ = {isa = PBXFileReference; lastKnownFileType = sourcecode.swift; path = UnplashRequest.swift; sourceTree = "<group>"; };
		F8EE312D2DA314F200C95419 /* UnsplashResponse.swift */ = {isa = PBXFileReference; lastKnownFileType = sourcecode.swift; path = UnsplashResponse.swift; sourceTree = "<group>"; };
		F8EE312F2DA3153900C95419 /* UnsplashError.swift */ = {isa = PBXFileReference; lastKnownFileType = sourcecode.swift; path = UnsplashError.swift; sourceTree = "<group>"; };
		F8EE31312DA31F7400C95419 /* HomeDetailViewModel.swift */ = {isa = PBXFileReference; lastKnownFileType = sourcecode.swift; path = HomeDetailViewModel.swift; sourceTree = "<group>"; };
		F8EE31332DA31F9600C95419 /* HomeDetailViewController.swift */ = {isa = PBXFileReference; lastKnownFileType = sourcecode.swift; path = HomeDetailViewController.swift; sourceTree = "<group>"; };
		F8EE31352DA31FC100C95419 /* HomeDetailView.swift */ = {isa = PBXFileReference; lastKnownFileType = sourcecode.swift; path = HomeDetailView.swift; sourceTree = "<group>"; };
/* End PBXFileReference section */

/* Begin PBXFrameworksBuildPhase section */
		F8CB35952D8953E900E5F202 /* Frameworks */ = {
			isa = PBXFrameworksBuildPhase;
			buildActionMask = 2147483647;
			files = (
				F882D8A42D9AC1DC00152ED9 /* RxMKMapView in Frameworks */,
				F882DAFE2D9D184600152ED9 /* RxGesture in Frameworks */,
				F86E45FE2DB68E6F00164422 /* Differentiator in Frameworks */,
				F882D7B62D9811EA00152ED9 /* Toast in Frameworks */,
				F882D8AA2D9AD01300152ED9 /* RxCoreLocation in Frameworks */,
				F882D7B02D98118B00152ED9 /* RealmSwift in Frameworks */,
				F882DE9D2DA02CD300152ED9 /* IQKeyboardManagerSwift in Frameworks */,
				F882D7AD2D98111D00152ED9 /* Kingfisher in Frameworks */,
				F882D7AA2D9810F900152ED9 /* RxSwift in Frameworks */,
				F86E46002DB68E6F00164422 /* RxDataSources in Frameworks */,
				F882D7A82D9810F900152ED9 /* RxCocoa in Frameworks */,
				F882D7B32D9811BE00152ED9 /* SnapKit in Frameworks */,
			);
			runOnlyForDeploymentPostprocessing = 0;
		};
/* End PBXFrameworksBuildPhase section */

/* Begin PBXGroup section */
		F86E45F72DB683B300164422 /* TableViewCells */ = {
			isa = PBXGroup;
			children = (
				F86E45F82DB6840400164422 /* BasicTableViewCell.swift */,
			);
			path = TableViewCells;
			sourceTree = "<group>";
		};
		F882D6D32D97FD5B00152ED9 /* BariBari */ = {
			isa = PBXGroup;
			children = (
				F882D6DB2D97FD7700152ED9 /* Resource */,
				F882D6DC2D97FD7E00152ED9 /* Source */,
				F882D6CC2D97FD5B00152ED9 /* Info.plist */,
			);
			path = BariBari;
			sourceTree = "<group>";
		};
		F882D6DB2D97FD7700152ED9 /* Resource */ = {
			isa = PBXGroup;
			children = (
				F8EE30AB2DA2F65E00C95419 /* MockData */,
				F882D6CB2D97FD5B00152ED9 /* Assets.xcassets */,
				F882D6CE2D97FD5B00152ED9 /* LaunchScreen.storyboard */,
				F882D6F92D9802F200152ED9 /* InfoPlist.strings */,
			);
			path = Resource;
			sourceTree = "<group>";
		};
		F882D6DC2D97FD7E00152ED9 /* Source */ = {
			isa = PBXGroup;
			children = (
				F882D7222D980A1E00152ED9 /* Constant */,
				F882D7152D9808BE00152ED9 /* Base */,
				F882D7162D9808D400152ED9 /* Extension */,
				F882D71D2D98092400152ED9 /* Model */,
				F882D71C2D98091E00152ED9 /* Networking */,
				F882D71B2D98091700152ED9 /* Presentation */,
				F882D71A2D98091000152ED9 /* Utility */,
				F882D7172D9808E400152ED9 /* Repository */,
				F882D6CA2D97FD5B00152ED9 /* AppDelegate.swift */,
				F882D6D12D97FD5B00152ED9 /* SceneDelegate.swift */,
				F882D7112D98084E00152ED9 /* API.swift */,
				F882D89F2D9AA9BF00152ED9 /* Map.swift */,
				F882D7132D98085600152ED9 /* UserDefault.swift */,
				F882DA472D9D07B400152ED9 /* AppAppearance.swift */,
			);
			path = Source;
			sourceTree = "<group>";
		};
		F882D7152D9808BE00152ED9 /* Base */ = {
			isa = PBXGroup;
			children = (
				F882D72F2D980AA400152ED9 /* BaseViewController.swift */,
				F882D7302D980AA400152ED9 /* BaseViewModel.swift */,
				F882D7312D980AA400152ED9 /* BaseView.swift */,
				F86E45FA2DB6842B00164422 /* BaseTableViewCell.swift */,
				F882D7332D980AA400152ED9 /* BaseCollectionViewCell.swift */,
			);
			path = Base;
			sourceTree = "<group>";
		};
		F882D7162D9808D400152ED9 /* Extension */ = {
			isa = PBXGroup;
			children = (
				F882D71E2D98094700152ED9 /* UI */,
			);
			path = Extension;
			sourceTree = "<group>";
		};
		F882D7172D9808E400152ED9 /* Repository */ = {
			isa = PBXGroup;
			children = (
				F882D74B2D980D1900152ED9 /* API */,
				F882D7182D9808F300152ED9 /* CoreData */,
				F882D7192D9808FE00152ED9 /* Realm */,
			);
			path = Repository;
			sourceTree = "<group>";
		};
		F882D7182D9808F300152ED9 /* CoreData */ = {
			isa = PBXGroup;
			children = (
				F882D74E2D980D4400152ED9 /* CoreDataRepository.swift */,
			);
			path = CoreData;
			sourceTree = "<group>";
		};
		F882D7192D9808FE00152ED9 /* Realm */ = {
			isa = PBXGroup;
			children = (
				F882DE102D9E78E900152ED9 /* RealmProtocol.swift */,
				F882D7472D980C1700152ED9 /* RealmTable.swift */,
				F882DF4C2DA03A8F00152ED9 /* RealmError.swift */,
				F882D7492D980C2100152ED9 /* RealmRepository.swift */,
			);
			path = Realm;
			sourceTree = "<group>";
		};
		F882D71A2D98091000152ED9 /* Utility */ = {
			isa = PBXGroup;
			children = (
				F882D8D92D9C04B500152ED9 /* LocationManager.swift */,
				F882D89D2D9A90D900152ED9 /* MapManager.swift */,
				F8C4BD832DA238480073128D /* ImageManager.swift */,
				F882D7452D980C0B00152ED9 /* DateManager.swift */,
				F882DD542D9E4B8800152ED9 /* NumberFormatManager.swift */,
			);
			path = Utility;
			sourceTree = "<group>";
		};
		F882D71B2D98091700152ED9 /* Presentation */ = {
			isa = PBXGroup;
			children = (
				F882D8DB2D9C12E300152ED9 /* Common */,
				F882DBB82D9D773E00152ED9 /* Modal */,
				F882DA062D9D020900152ED9 /* Home */,
				F882DA072D9D020E00152ED9 /* Create */,
				F882DA082D9D021400152ED9 /* Storage */,
				F882D7432D980BF900152ED9 /* TabBarController.swift */,
			);
			path = Presentation;
			sourceTree = "<group>";
		};
		F882D71C2D98091E00152ED9 /* Networking */ = {
			isa = PBXGroup;
			children = (
				F882D71F2D9809BC00152ED9 /* Request */,
				F882D7212D9809C700152ED9 /* Response */,
				F882D7202D9809C300152ED9 /* Error */,
			);
			path = Networking;
			sourceTree = "<group>";
		};
		F882D71D2D98092400152ED9 /* Model */ = {
			isa = PBXGroup;
			children = (
				F882DC702D9D785600152ED9 /* ModalModel.swift */,
				F86E46012DB68F8A00164422 /* SectionModel.swift */,
				F86E46052DB694EA00164422 /* AboutModel.swift */,
				F81D448A2DB7AD3D00AAFCA6 /* SettingModel.swift */,
				F882D73B2D980BBD00152ED9 /* MapModel.swift */,
				F882DD602D9E737000152ED9 /* CourseModel.swift */,
				F882DE142D9EBAB400152ED9 /* ValidationModel.swift */,
				F8EE30A42DA2AB0300C95419 /* AppError.swift */,
			);
			path = Model;
			sourceTree = "<group>";
		};
		F882D71E2D98094700152ED9 /* UI */ = {
			isa = PBXGroup;
			children = (
				F882DE162D9FDF4B00152ED9 /* TitleButton+Rx.swift */,
				F882D7392D980B9D00152ED9 /* BaseViewController+Ex.swift */,
				F882DAFF2D9D187B00152ED9 /* BaseViewController+Rx.swift */,
			);
			path = UI;
			sourceTree = "<group>";
		};
		F882D71F2D9809BC00152ED9 /* Request */ = {
			isa = PBXGroup;
			children = (
				F882D73D2D980BDB00152ED9 /* NMapRequest.swift */,
				F8EE312B2DA3145900C95419 /* UnplashRequest.swift */,
			);
			path = Request;
			sourceTree = "<group>";
		};
		F882D7202D9809C300152ED9 /* Error */ = {
			isa = PBXGroup;
			children = (
				F882D7412D980BE900152ED9 /* NMapError.swift */,
				F8EE312F2DA3153900C95419 /* UnsplashError.swift */,
			);
			path = Error;
			sourceTree = "<group>";
		};
		F882D7212D9809C700152ED9 /* Response */ = {
			isa = PBXGroup;
			children = (
				F882D8972D9A7BEF00152ED9 /* NMapResponse.swift */,
				F882D73F2D980BE200152ED9 /* NMapReverseGCResponse.swift */,
				F8EE312D2DA314F200C95419 /* UnsplashResponse.swift */,
			);
			path = Response;
			sourceTree = "<group>";
		};
		F882D7222D980A1E00152ED9 /* Constant */ = {
			isa = PBXGroup;
			children = (
				F882D7232D980A2700152ED9 /* Constant.swift */,
			);
			path = Constant;
			sourceTree = "<group>";
		};
		F882D74B2D980D1900152ED9 /* API */ = {
			isa = PBXGroup;
			children = (
				F882D7E62D9A60DE00152ED9 /* APIProtocol.swift */,
				F882D74C2D980D3A00152ED9 /* APIRepository.swift */,
			);
			path = API;
			sourceTree = "<group>";
		};
		F882D8DB2D9C12E300152ED9 /* Common */ = {
			isa = PBXGroup;
			children = (
				F8EE30A62DA2EAF300C95419 /* Buttons */,
				F86E45F72DB683B300164422 /* TableViewCells */,
				F882DFFC2DA115CB00152ED9 /* CollectionViews */,
				F882DFFD2DA115DB00152ED9 /* CollectionViewCells */,
				F882DAF92D9D109D00152ED9 /* AppLabel */,
				F8EE30B72DA30C9F00C95419 /* BannerView */,
				F8EE30B42DA304C700C95419 /* SectionHeaderView */,
				F882E0B52DA1337800152ED9 /* IconNLabelView */,
				F882E0B22DA1212E00152ED9 /* NoneContentView */,
				F882DB7A2D9D300900152ED9 /* FloatingView */,
				F882D8DC2D9C12EE00152ED9 /* CustomMapView */,
			);
			path = Common;
			sourceTree = "<group>";
		};
		F882D8DC2D9C12EE00152ED9 /* CustomMapView */ = {
			isa = PBXGroup;
			children = (
				F882D8DD2D9C12F900152ED9 /* CustomMapView.swift */,
				F882E0BA2DA16B2100152ED9 /* MapThumbnailView.swift */,
			);
			path = CustomMapView;
			sourceTree = "<group>";
		};
		F882DA062D9D020900152ED9 /* Home */ = {
			isa = PBXGroup;
			children = (
				F882DA0F2D9D037100152ED9 /* ViewControllers */,
				F882DA0E2D9D036B00152ED9 /* ViewModels */,
				F882DA0D2D9D036600152ED9 /* Views */,
			);
			path = Home;
			sourceTree = "<group>";
		};
		F882DA072D9D020E00152ED9 /* Create */ = {
			isa = PBXGroup;
			children = (
				F882DE182DA0093100152ED9 /* CreateFolder */,
				F882DC722D9D843C00152ED9 /* CreateForm */,
				F882DB7D2D9D3ADA00152ED9 /* CreateList */,
				F882DB7E2D9D3AEB00152ED9 /* CreateTracking */,
				F882DB7F2D9D3AF400152ED9 /* CreateAuto */,
			);
			path = Create;
			sourceTree = "<group>";
		};
		F882DA082D9D021400152ED9 /* Storage */ = {
			isa = PBXGroup;
			children = (
				F882DA0B2D9D025C00152ED9 /* EntrieCourse */,
				F882DA0C2D9D034400152ED9 /* Course */,
			);
			path = Storage;
			sourceTree = "<group>";
		};
		F882DA0B2D9D025C00152ED9 /* EntrieCourse */ = {
			isa = PBXGroup;
			children = (
				F882DA292D9D051B00152ED9 /* ViewControllers */,
				F882DA2B2D9D051B00152ED9 /* ViewModels */,
				F882DA2D2D9D051B00152ED9 /* Views */,
			);
			path = EntrieCourse;
			sourceTree = "<group>";
		};
		F882DA0C2D9D034400152ED9 /* Course */ = {
			isa = PBXGroup;
			children = (
				F882DA322D9D05B100152ED9 /* ViewControllers */,
				F882DA342D9D05B100152ED9 /* ViewModels */,
				F882DA362D9D05B100152ED9 /* Views */,
			);
			path = Course;
			sourceTree = "<group>";
		};
		F882DA0D2D9D036600152ED9 /* Views */ = {
			isa = PBXGroup;
			children = (
				F86E45F52DB67C0000164422 /* AboutView.swift */,
				F81D44882DB7ABD500AAFCA6 /* SettingView.swift */,
				F882DA142D9D038B00152ED9 /* HomeView.swift */,
				F8EE31352DA31FC100C95419 /* HomeDetailView.swift */,
			);
			path = Views;
			sourceTree = "<group>";
		};
		F882DA0E2D9D036B00152ED9 /* ViewModels */ = {
			isa = PBXGroup;
			children = (
				F86E45F32DB67BD100164422 /* AboutViewModel.swift */,
				F81D44862DB7AB9C00AAFCA6 /* SettingViewModel.swift */,
				F882DA122D9D038200152ED9 /* HomeViewModel.swift */,
				F8EE31312DA31F7400C95419 /* HomeDetailViewModel.swift */,
			);
			path = ViewModels;
			sourceTree = "<group>";
		};
		F882DA0F2D9D037100152ED9 /* ViewControllers */ = {
			isa = PBXGroup;
			children = (
				F86E45F12DB67B6800164422 /* AboutViewController.swift */,
				F81D44842DB7AB7300AAFCA6 /* SettingViewController.swift */,
				F882DA102D9D037B00152ED9 /* HomeViewController.swift */,
				F8EE31332DA31F9600C95419 /* HomeDetailViewController.swift */,
			);
			path = ViewControllers;
			sourceTree = "<group>";
		};
		F882DA172D9D047C00152ED9 /* ViewControllers */ = {
			isa = PBXGroup;
			children = (
				F882DA412D9D06D400152ED9 /* CreateListViewController.swift */,
			);
			path = ViewControllers;
			sourceTree = "<group>";
		};
		F882DA192D9D047C00152ED9 /* ViewModels */ = {
			isa = PBXGroup;
			children = (
				F882DA432D9D06E200152ED9 /* CreateListViewModel.swift */,
			);
			path = ViewModels;
			sourceTree = "<group>";
		};
		F882DA1B2D9D047C00152ED9 /* Views */ = {
			isa = PBXGroup;
			children = (
				F882DA452D9D06EA00152ED9 /* CreateListView.swift */,
				F882DAF72D9D0F5500152ED9 /* CreateInfoCardView.swift */,
			);
			path = Views;
			sourceTree = "<group>";
		};
		F882DA292D9D051B00152ED9 /* ViewControllers */ = {
			isa = PBXGroup;
			children = (
				F882DA282D9D051B00152ED9 /* EntireCourseViewController.swift */,
			);
			path = ViewControllers;
			sourceTree = "<group>";
		};
		F882DA2B2D9D051B00152ED9 /* ViewModels */ = {
			isa = PBXGroup;
			children = (
				F882DA2A2D9D051B00152ED9 /* EntireCourseViewModel.swift */,
			);
			path = ViewModels;
			sourceTree = "<group>";
		};
		F882DA2D2D9D051B00152ED9 /* Views */ = {
			isa = PBXGroup;
			children = (
				F882DA2C2D9D051B00152ED9 /* EntireCourseView.swift */,
			);
			path = Views;
			sourceTree = "<group>";
		};
		F882DA322D9D05B100152ED9 /* ViewControllers */ = {
			isa = PBXGroup;
			children = (
				F882DA312D9D05B100152ED9 /* CourseViewController.swift */,
				F882DA3A2D9D060000152ED9 /* CourseDetailViewController.swift */,
				F882E0BC2DA17AD000152ED9 /* MapPickerViewController.swift */,
			);
			path = ViewControllers;
			sourceTree = "<group>";
		};
		F882DA342D9D05B100152ED9 /* ViewModels */ = {
			isa = PBXGroup;
			children = (
				F882DA332D9D05B100152ED9 /* CourseViewModel.swift */,
				F882DA3C2D9D061300152ED9 /* CourseDetailViewModel.swift */,
				F882E0BE2DA17AF800152ED9 /* MapPickerViewModel.swift */,
			);
			path = ViewModels;
			sourceTree = "<group>";
		};
		F882DA362D9D05B100152ED9 /* Views */ = {
			isa = PBXGroup;
			children = (
				F882DA352D9D05B100152ED9 /* CourseView.swift */,
				F882DA3E2D9D061400152ED9 /* CourseDetailView.swift */,
				F882E0C02DA17B2400152ED9 /* MapPickerView.swift */,
				F89F61A72DA6C02000F8F746 /* OpenMapButtonView.swift */,
			);
			path = Views;
			sourceTree = "<group>";
		};
		F882DAF92D9D109D00152ED9 /* AppLabel */ = {
			isa = PBXGroup;
			children = (
				F882DAFA2D9D10A300152ED9 /* AppLabel.swift */,
			);
			path = AppLabel;
			sourceTree = "<group>";
		};
		F882DB7A2D9D300900152ED9 /* FloatingView */ = {
			isa = PBXGroup;
			children = (
				F882DB7B2D9D301500152ED9 /* FloatingView.swift */,
				F882DBB42D9D472600152ED9 /* FloatingButton.swift */,
			);
			path = FloatingView;
			sourceTree = "<group>";
		};
		F882DB7D2D9D3ADA00152ED9 /* CreateList */ = {
			isa = PBXGroup;
			children = (
				F882DA172D9D047C00152ED9 /* ViewControllers */,
				F882DA192D9D047C00152ED9 /* ViewModels */,
				F882DA1B2D9D047C00152ED9 /* Views */,
			);
			path = CreateList;
			sourceTree = "<group>";
		};
		F882DB7E2D9D3AEB00152ED9 /* CreateTracking */ = {
			isa = PBXGroup;
			children = (
				F882DB832D9D3B1600152ED9 /* ViewControllers */,
				F882DB872D9D3B1600152ED9 /* ViewModels */,
				F882DB8C2D9D3B1600152ED9 /* Views */,
			);
			path = CreateTracking;
			sourceTree = "<group>";
		};
		F882DB7F2D9D3AF400152ED9 /* CreateAuto */ = {
			isa = PBXGroup;
			children = (
				F882DB9A2D9D3B1800152ED9 /* ViewControllers */,
				F882DB9E2D9D3B1800152ED9 /* ViewModels */,
				F882DBA32D9D3B1800152ED9 /* Views */,
			);
			path = CreateAuto;
			sourceTree = "<group>";
		};
		F882DB832D9D3B1600152ED9 /* ViewControllers */ = {
			isa = PBXGroup;
			children = (
				F882DB812D9D3B1600152ED9 /* CreateTrackingViewController.swift */,
				F882DBAE2D9D3C2100152ED9 /* TrackingModalViewController.swift */,
			);
			path = ViewControllers;
			sourceTree = "<group>";
		};
		F882DB872D9D3B1600152ED9 /* ViewModels */ = {
			isa = PBXGroup;
			children = (
				F882DB852D9D3B1600152ED9 /* CreateTrackingViewModel.swift */,
				F882DBB02D9D3C6A00152ED9 /* TrackingModalViewModel.swift */,
			);
			path = ViewModels;
			sourceTree = "<group>";
		};
		F882DB8C2D9D3B1600152ED9 /* Views */ = {
			isa = PBXGroup;
			children = (
				F882DB892D9D3B1600152ED9 /* CreateTrackingView.swift */,
				F882DBB22D9D3C7100152ED9 /* TrackingModalView.swift */,
				F882DBB62D9D475C00152ED9 /* BottomBar.swift */,
			);
			path = Views;
			sourceTree = "<group>";
		};
		F882DB9A2D9D3B1800152ED9 /* ViewControllers */ = {
			isa = PBXGroup;
			children = (
				F882DB992D9D3B1800152ED9 /* CreateAutoViewController.swift */,
			);
			path = ViewControllers;
			sourceTree = "<group>";
		};
		F882DB9E2D9D3B1800152ED9 /* ViewModels */ = {
			isa = PBXGroup;
			children = (
				F882DB9D2D9D3B1800152ED9 /* CreateAutoViewModel.swift */,
			);
			path = ViewModels;
			sourceTree = "<group>";
		};
		F882DBA32D9D3B1800152ED9 /* Views */ = {
			isa = PBXGroup;
			children = (
				F882DBA12D9D3B1800152ED9 /* CreateAutoView.swift */,
			);
			path = Views;
			sourceTree = "<group>";
		};
		F882DBB82D9D773E00152ED9 /* Modal */ = {
			isa = PBXGroup;
			children = (
				F882DBB92D9D774700152ED9 /* ViewControllers */,
				F882DBBB2D9D775300152ED9 /* ViewModels */,
				F882DBBA2D9D774E00152ED9 /* Views */,
			);
			path = Modal;
			sourceTree = "<group>";
		};
		F882DBB92D9D774700152ED9 /* ViewControllers */ = {
			isa = PBXGroup;
			children = (
				F882DBBC2D9D776400152ED9 /* ModalViewController.swift */,
			);
			path = ViewControllers;
			sourceTree = "<group>";
		};
		F882DBBA2D9D774E00152ED9 /* Views */ = {
			isa = PBXGroup;
			children = (
				F882DC6E2D9D780800152ED9 /* ModalView.swift */,
			);
			path = Views;
			sourceTree = "<group>";
		};
		F882DBBB2D9D775300152ED9 /* ViewModels */ = {
			isa = PBXGroup;
			children = (
				F882DC6C2D9D77DE00152ED9 /* ModalViewModel.swift */,
			);
			path = ViewModels;
			sourceTree = "<group>";
		};
		F882DC722D9D843C00152ED9 /* CreateForm */ = {
			isa = PBXGroup;
			children = (
				F882DC7D2D9D943D00152ED9 /* ViewControllers */,
				F882DC742D9D84DC00152ED9 /* ViewModels */,
				F882DC732D9D84D300152ED9 /* Views */,
			);
			path = CreateForm;
			sourceTree = "<group>";
		};
		F882DC732D9D84D300152ED9 /* Views */ = {
			isa = PBXGroup;
			children = (
				F882DC752D9D84EB00152ED9 /* CreateFormView.swift */,
				F882DC792D9D8DBA00152ED9 /* CreateForm.swift */,
				F882DC7B2D9D904300152ED9 /* CreateImageForm.swift */,
				F882DE122D9EA1C700152ED9 /* CourseFolderPickerButton.swift */,
			);
			path = Views;
			sourceTree = "<group>";
		};
		F882DC742D9D84DC00152ED9 /* ViewModels */ = {
			isa = PBXGroup;
			children = (
				F882DC772D9D84F400152ED9 /* CreateFormViewModel.swift */,
			);
			path = ViewModels;
			sourceTree = "<group>";
		};
		F882DC7D2D9D943D00152ED9 /* ViewControllers */ = {
			isa = PBXGroup;
			children = (
				F882DC7E2D9D944E00152ED9 /* CreateFormViewController.swift */,
			);
			path = ViewControllers;
			sourceTree = "<group>";
		};
		F882DE182DA0093100152ED9 /* CreateFolder */ = {
			isa = PBXGroup;
			children = (
				F882DE1B2DA0096800152ED9 /* ViewControllers */,
				F882DE1A2DA0096100152ED9 /* VIewModels */,
				F882DE192DA0095B00152ED9 /* Views */,
			);
			path = CreateFolder;
			sourceTree = "<group>";
		};
		F882DE192DA0095B00152ED9 /* Views */ = {
			isa = PBXGroup;
			children = (
				F882DE202DA0099A00152ED9 /* CreateFolderView.swift */,
			);
			path = Views;
			sourceTree = "<group>";
		};
		F882DE1A2DA0096100152ED9 /* VIewModels */ = {
			isa = PBXGroup;
			children = (
				F882DE1E2DA0098F00152ED9 /* CreateFolderViewModel.swift */,
			);
			path = VIewModels;
			sourceTree = "<group>";
		};
		F882DE1B2DA0096800152ED9 /* ViewControllers */ = {
			isa = PBXGroup;
			children = (
				F882DE1C2DA0098200152ED9 /* CreateFolderViewController.swift */,
			);
			path = ViewControllers;
			sourceTree = "<group>";
		};
		F882DFFC2DA115CB00152ED9 /* CollectionViews */ = {
			isa = PBXGroup;
			children = (
				F882DFFE2DA1162900152ED9 /* GridCollectionView.swift */,
				F882E0B82DA1353100152ED9 /* VerticalCollectionView.swift */,
				F8EE30B02DA3039100C95419 /* HorizontalCollectionView.swift */,
			);
			path = CollectionViews;
			sourceTree = "<group>";
		};
		F882DFFD2DA115DB00152ED9 /* CollectionViewCells */ = {
			isa = PBXGroup;
			children = (
				F882E0002DA116A600152ED9 /* CircleImageCollectionViewCell.swift */,
				F882E0022DA116C800152ED9 /* HorizontalCollectionViewCell.swift */,
				F8EE30B22DA3040500C95419 /* CourseCollectionViewCell.swift */,
			);
			path = CollectionViewCells;
			sourceTree = "<group>";
		};
		F882E0B22DA1212E00152ED9 /* NoneContentView */ = {
			isa = PBXGroup;
			children = (
				F882E0B32DA1213900152ED9 /* NoneContentView.swift */,
			);
			path = NoneContentView;
			sourceTree = "<group>";
		};
		F882E0B52DA1337800152ED9 /* IconNLabelView */ = {
			isa = PBXGroup;
			children = (
				F86E46072DB69AFA00164422 /* IconView.swift */,
				F882E0B62DA1338A00152ED9 /* IconNLabelView.swift */,
			);
			path = IconNLabelView;
			sourceTree = "<group>";
		};
		F8CB358F2D8953E900E5F202 = {
			isa = PBXGroup;
			children = (
				F882D70F2D98081900152ED9 /* .gitignore */,
				F882D6D32D97FD5B00152ED9 /* BariBari */,
				F8CB35992D8953E900E5F202 /* Products */,
			);
			sourceTree = "<group>";
		};
		F8CB35992D8953E900E5F202 /* Products */ = {
			isa = PBXGroup;
			children = (
				F8CB35982D8953E900E5F202 /* BariBari.app */,
			);
			name = Products;
			sourceTree = "<group>";
		};
		F8EE30A62DA2EAF300C95419 /* Buttons */ = {
			isa = PBXGroup;
			children = (
				F89F61A32DA6B8D800F8F746 /* TitleButton.swift */,
				F8EE30A72DA2EB1600C95419 /* IconButton.swift */,
				F89F61A52DA6BEF400F8F746 /* ImageButton.swift */,
				F89F61A92DA6C91A00F8F746 /* ModalButton.swift */,
			);
			path = Buttons;
			sourceTree = "<group>";
		};
		F8EE30AB2DA2F65E00C95419 /* MockData */ = {
			isa = PBXGroup;
			children = (
				F8EE30AC2DA2F67C00C95419 /* recommendedCourses.swift */,
				F89F61AD2DA8F44400F8F746 /* dummyData.swift */,
			);
			path = MockData;
			sourceTree = "<group>";
		};
		F8EE30B42DA304C700C95419 /* SectionHeaderView */ = {
			isa = PBXGroup;
			children = (
				F8EE30B52DA304D800C95419 /* SectionHeaderView.swift */,
			);
			path = SectionHeaderView;
			sourceTree = "<group>";
		};
		F8EE30B72DA30C9F00C95419 /* BannerView */ = {
			isa = PBXGroup;
			children = (
				F8EE30AE2DA2FDA500C95419 /* BannerView.swift */,
			);
			path = BannerView;
			sourceTree = "<group>";
		};
/* End PBXGroup section */

/* Begin PBXNativeTarget section */
		F8CB35972D8953E900E5F202 /* BariBari */ = {
			isa = PBXNativeTarget;
			buildConfigurationList = F8CB35AB2D8953EA00E5F202 /* Build configuration list for PBXNativeTarget "BariBari" */;
			buildPhases = (
				F8CB35942D8953E900E5F202 /* Sources */,
				F8CB35952D8953E900E5F202 /* Frameworks */,
				F8CB35962D8953E900E5F202 /* Resources */,
				F882D89C2D9A878000152ED9 /* Embed Frameworks */,
			);
			buildRules = (
			);
			dependencies = (
			);
			name = BariBari;
			packageProductDependencies = (
				F882D7A72D9810F900152ED9 /* RxCocoa */,
				F882D7A92D9810F900152ED9 /* RxSwift */,
				F882D7AC2D98111D00152ED9 /* Kingfisher */,
				F882D7AF2D98118B00152ED9 /* RealmSwift */,
				F882D7B22D9811BE00152ED9 /* SnapKit */,
				F882D7B52D9811EA00152ED9 /* Toast */,
				F882D8A32D9AC1DC00152ED9 /* RxMKMapView */,
				F882D8A92D9AD01300152ED9 /* RxCoreLocation */,
				F882DAFD2D9D184600152ED9 /* RxGesture */,
				F882DE9C2DA02CD300152ED9 /* IQKeyboardManagerSwift */,
				F86E45FD2DB68E6F00164422 /* Differentiator */,
				F86E45FF2DB68E6F00164422 /* RxDataSources */,
			);
			productName = BariBari;
			productReference = F8CB35982D8953E900E5F202 /* BariBari.app */;
			productType = "com.apple.product-type.application";
		};
/* End PBXNativeTarget section */

/* Begin PBXProject section */
		F8CB35902D8953E900E5F202 /* Project object */ = {
			isa = PBXProject;
			attributes = {
				BuildIndependentTargetsInParallel = 1;
				LastSwiftUpdateCheck = 1620;
				LastUpgradeCheck = 1620;
				TargetAttributes = {
					F8CB35972D8953E900E5F202 = {
						CreatedOnToolsVersion = 16.2;
					};
				};
			};
			buildConfigurationList = F8CB35932D8953E900E5F202 /* Build configuration list for PBXProject "BariBari" */;
			developmentRegion = en;
			hasScannedForEncodings = 0;
			knownRegions = (
				en,
				Base,
				ko,
			);
			mainGroup = F8CB358F2D8953E900E5F202;
			minimizedProjectReferenceProxies = 1;
			packageReferences = (
				F882D7A62D9810F900152ED9 /* XCRemoteSwiftPackageReference "RxSwift" */,
				F882D7AB2D98111D00152ED9 /* XCRemoteSwiftPackageReference "Kingfisher" */,
				F882D7AE2D98118B00152ED9 /* XCRemoteSwiftPackageReference "realm-swift" */,
				F882D7B12D9811BE00152ED9 /* XCRemoteSwiftPackageReference "SnapKit" */,
				F882D7B42D9811EA00152ED9 /* XCRemoteSwiftPackageReference "Toast-Swift" */,
				F882D8A22D9AC1DC00152ED9 /* XCRemoteSwiftPackageReference "RxMKMapView" */,
				F882D8A82D9AD01300152ED9 /* XCRemoteSwiftPackageReference "RxCoreLocation" */,
				F882DAFC2D9D184600152ED9 /* XCRemoteSwiftPackageReference "RxGesture" */,
				F882DE9B2DA02CD300152ED9 /* XCRemoteSwiftPackageReference "IQKeyboardManager" */,
				F86E45FC2DB68E6F00164422 /* XCRemoteSwiftPackageReference "RxDataSources" */,
			);
			preferredProjectObjectVersion = 77;
			productRefGroup = F8CB35992D8953E900E5F202 /* Products */;
			projectDirPath = "";
			projectRoot = "";
			targets = (
				F8CB35972D8953E900E5F202 /* BariBari */,
			);
		};
/* End PBXProject section */

/* Begin PBXResourcesBuildPhase section */
		F8CB35962D8953E900E5F202 /* Resources */ = {
			isa = PBXResourcesBuildPhase;
			buildActionMask = 2147483647;
			files = (
				F882D7102D98081900152ED9 /* .gitignore in Resources */,
				F882D6D72D97FD5B00152ED9 /* Assets.xcassets in Resources */,
				F882D6FB2D9802F200152ED9 /* InfoPlist.strings in Resources */,
				F882D6D92D97FD5B00152ED9 /* LaunchScreen.storyboard in Resources */,
			);
			runOnlyForDeploymentPostprocessing = 0;
		};
/* End PBXResourcesBuildPhase section */

/* Begin PBXSourcesBuildPhase section */
		F8CB35942D8953E900E5F202 /* Sources */ = {
			isa = PBXSourcesBuildPhase;
			buildActionMask = 2147483647;
			files = (
				F882D7422D980BE900152ED9 /* NMapError.swift in Sources */,
				F86E45F42DB67BD100164422 /* AboutViewModel.swift in Sources */,
				F882D7E72D9A60DE00152ED9 /* APIProtocol.swift in Sources */,
				F8EE30A52DA2AB0300C95419 /* AppError.swift in Sources */,
				F8EE31342DA31F9600C95419 /* HomeDetailViewController.swift in Sources */,
				F8EE31362DA31FC100C95419 /* HomeDetailView.swift in Sources */,
				F882D7142D98085600152ED9 /* UserDefault.swift in Sources */,
				F882DE172D9FDF4B00152ED9 /* TitleButton+Rx.swift in Sources */,
				F86E46022DB68F8A00164422 /* SectionModel.swift in Sources */,
				F882D89E2D9A90D900152ED9 /* MapManager.swift in Sources */,
				F882D73E2D980BDB00152ED9 /* NMapRequest.swift in Sources */,
				F882DF4D2DA03A8F00152ED9 /* RealmError.swift in Sources */,
				F86E46062DB694EA00164422 /* AboutModel.swift in Sources */,
				F882E0C12DA17B2400152ED9 /* MapPickerView.swift in Sources */,
				F86E46082DB69AFA00164422 /* IconView.swift in Sources */,
				F81D44872DB7AB9C00AAFCA6 /* SettingViewModel.swift in Sources */,
				F882E0BD2DA17AD000152ED9 /* MapPickerViewController.swift in Sources */,
				F882DB002D9D187B00152ED9 /* BaseViewController+Rx.swift in Sources */,
				F882D8DE2D9C12F900152ED9 /* CustomMapView.swift in Sources */,
				F882DE212DA0099A00152ED9 /* CreateFolderView.swift in Sources */,
				F882D8982D9A7BEF00152ED9 /* NMapResponse.swift in Sources */,
				F882D7442D980BF900152ED9 /* TabBarController.swift in Sources */,
				F882D6D42D97FD5B00152ED9 /* AppDelegate.swift in Sources */,
				F882D7462D980C0B00152ED9 /* DateManager.swift in Sources */,
				F882DA3D2D9D061300152ED9 /* CourseDetailViewModel.swift in Sources */,
				F8EE312E2DA314F200C95419 /* UnsplashResponse.swift in Sources */,
				F882DA442D9D06E200152ED9 /* CreateListViewModel.swift in Sources */,
				F882DE132D9EA1C700152ED9 /* CourseFolderPickerButton.swift in Sources */,
				F882D74D2D980D3A00152ED9 /* APIRepository.swift in Sources */,
				F882DE152D9EBAB400152ED9 /* ValidationModel.swift in Sources */,
				F882DC7C2D9D904300152ED9 /* CreateImageForm.swift in Sources */,
				F882DC6D2D9D77DE00152ED9 /* ModalViewModel.swift in Sources */,
				F882E0BB2DA16B2100152ED9 /* MapThumbnailView.swift in Sources */,
				F882DA482D9D07B400152ED9 /* AppAppearance.swift in Sources */,
				F882D7242D980A2700152ED9 /* Constant.swift in Sources */,
				F8EE31302DA3153900C95419 /* UnsplashError.swift in Sources */,
				F81D44852DB7AB7300AAFCA6 /* SettingViewController.swift in Sources */,
				F882DD612D9E737000152ED9 /* CourseModel.swift in Sources */,
				F882DA2E2D9D051B00152ED9 /* EntireCourseViewModel.swift in Sources */,
				F882DC712D9D785600152ED9 /* ModalModel.swift in Sources */,
				F882DC7A2D9D8DBA00152ED9 /* CreateForm.swift in Sources */,
				F882DA2F2D9D051B00152ED9 /* EntireCourseView.swift in Sources */,
				F882DA302D9D051B00152ED9 /* EntireCourseViewController.swift in Sources */,
				F882DA152D9D038B00152ED9 /* HomeView.swift in Sources */,
				F882D8DA2D9C04B500152ED9 /* LocationManager.swift in Sources */,
				F882DA372D9D05B100152ED9 /* CourseViewModel.swift in Sources */,
				F882DA382D9D05B100152ED9 /* CourseViewController.swift in Sources */,
				F882DFFF2DA1162900152ED9 /* GridCollectionView.swift in Sources */,
				F882DAF82D9D0F5500152ED9 /* CreateInfoCardView.swift in Sources */,
				F8EE30AF2DA2FDA500C95419 /* BannerView.swift in Sources */,
				F882DA392D9D05B100152ED9 /* CourseView.swift in Sources */,
				F882DBB52D9D472600152ED9 /* FloatingButton.swift in Sources */,
				F882DE112D9E78E900152ED9 /* RealmProtocol.swift in Sources */,
				F882DD552D9E4B8800152ED9 /* NumberFormatManager.swift in Sources */,
				F86E45FB2DB6842B00164422 /* BaseTableViewCell.swift in Sources */,
				F86E45F22DB67B6800164422 /* AboutViewController.swift in Sources */,
				F86E45F92DB6840400164422 /* BasicTableViewCell.swift in Sources */,
				F882DBAF2D9D3C2100152ED9 /* TrackingModalViewController.swift in Sources */,
				F8EE30B12DA3039100C95419 /* HorizontalCollectionView.swift in Sources */,
				F8EE30B62DA304D800C95419 /* SectionHeaderView.swift in Sources */,
				F89F61AE2DA8F44400F8F746 /* dummyData.swift in Sources */,
				F882D73C2D980BBD00152ED9 /* MapModel.swift in Sources */,
				F882DA112D9D037B00152ED9 /* HomeViewController.swift in Sources */,
				F882D7122D98084E00152ED9 /* API.swift in Sources */,
				F882DC762D9D84EB00152ED9 /* CreateFormView.swift in Sources */,
				F882D74F2D980D4400152ED9 /* CoreDataRepository.swift in Sources */,
				F882DB7C2D9D301500152ED9 /* FloatingView.swift in Sources */,
				F882DA422D9D06D400152ED9 /* CreateListViewController.swift in Sources */,
				F89F61A62DA6BEF400F8F746 /* ImageButton.swift in Sources */,
				F882E0032DA116C800152ED9 /* HorizontalCollectionViewCell.swift in Sources */,
				F8EE312C2DA3145900C95419 /* UnplashRequest.swift in Sources */,
				F89F61AA2DA6C91A00F8F746 /* ModalButton.swift in Sources */,
				F882DE1D2DA0098200152ED9 /* CreateFolderViewController.swift in Sources */,
				F882DC782D9D84F400152ED9 /* CreateFormViewModel.swift in Sources */,
				F882D6D52D97FD5B00152ED9 /* SceneDelegate.swift in Sources */,
				F882D73A2D980B9D00152ED9 /* BaseViewController+Ex.swift in Sources */,
				F882E0BF2DA17AF800152ED9 /* MapPickerViewModel.swift in Sources */,
				F8EE30A82DA2EB1600C95419 /* IconButton.swift in Sources */,
				F882E0B72DA1338A00152ED9 /* IconNLabelView.swift in Sources */,
				F89F61A42DA6B8D800F8F746 /* TitleButton.swift in Sources */,
				F882DE1F2DA0098F00152ED9 /* CreateFolderViewModel.swift in Sources */,
				F882D7342D980AA400152ED9 /* BaseViewModel.swift in Sources */,
				F882E0B42DA1213900152ED9 /* NoneContentView.swift in Sources */,
				F86E45F62DB67C0000164422 /* AboutView.swift in Sources */,
				F882D7352D980AA400152ED9 /* BaseCollectionViewCell.swift in Sources */,
				F81D44892DB7ABD500AAFCA6 /* SettingView.swift in Sources */,
				F882DBB32D9D3C7100152ED9 /* TrackingModalView.swift in Sources */,
				F882D7402D980BE200152ED9 /* NMapReverseGCResponse.swift in Sources */,
				F882DB8D2D9D3B1600152ED9 /* CreateTrackingViewController.swift in Sources */,
				F882DBBD2D9D776400152ED9 /* ModalViewController.swift in Sources */,
				F882DBA72D9D3B1800152ED9 /* CreateAutoView.swift in Sources */,
				F882E0B92DA1353100152ED9 /* VerticalCollectionView.swift in Sources */,
				F882DC7F2D9D944E00152ED9 /* CreateFormViewController.swift in Sources */,
				F882E0012DA116A600152ED9 /* CircleImageCollectionViewCell.swift in Sources */,
				F882DBAB2D9D3B1800152ED9 /* CreateAutoViewController.swift in Sources */,
				F882DBAC2D9D3B1800152ED9 /* CreateAutoViewModel.swift in Sources */,
				F882DB922D9D3B1600152ED9 /* CreateTrackingView.swift in Sources */,
				F882DB932D9D3B1600152ED9 /* CreateTrackingViewModel.swift in Sources */,
				F81D448B2DB7AD3D00AAFCA6 /* SettingModel.swift in Sources */,
				F882D8A02D9AA9BF00152ED9 /* Map.swift in Sources */,
				F8EE30B32DA3040500C95419 /* CourseCollectionViewCell.swift in Sources */,
				F89F61A82DA6C02000F8F746 /* OpenMapButtonView.swift in Sources */,
				F8C4BD842DA238480073128D /* ImageManager.swift in Sources */,
				F882DA132D9D038200152ED9 /* HomeViewModel.swift in Sources */,
				F882DAFB2D9D10A300152ED9 /* AppLabel.swift in Sources */,
				F882D7362D980AA400152ED9 /* BaseView.swift in Sources */,
				F882D7382D980AA400152ED9 /* BaseViewController.swift in Sources */,
				F882DBB72D9D475C00152ED9 /* BottomBar.swift in Sources */,
				F882D7482D980C1700152ED9 /* RealmTable.swift in Sources */,
				F882DC6F2D9D780800152ED9 /* ModalView.swift in Sources */,
				F882D74A2D980C2100152ED9 /* RealmRepository.swift in Sources */,
				F882DA3B2D9D060000152ED9 /* CourseDetailViewController.swift in Sources */,
				F8EE30AD2DA2F67C00C95419 /* recommendedCourses.swift in Sources */,
				F882DBB12D9D3C6A00152ED9 /* TrackingModalViewModel.swift in Sources */,
				F882DA3F2D9D061400152ED9 /* CourseDetailView.swift in Sources */,
				F8EE31322DA31F7400C95419 /* HomeDetailViewModel.swift in Sources */,
				F882DA462D9D06EA00152ED9 /* CreateListView.swift in Sources */,
			);
			runOnlyForDeploymentPostprocessing = 0;
		};
/* End PBXSourcesBuildPhase section */

/* Begin PBXVariantGroup section */
		F882D6CE2D97FD5B00152ED9 /* LaunchScreen.storyboard */ = {
			isa = PBXVariantGroup;
			children = (
				F882D6CD2D97FD5B00152ED9 /* Base */,
				F882D6F82D98001700152ED9 /* ko */,
				F882D70E2D9807C800152ED9 /* en */,
			);
			name = LaunchScreen.storyboard;
			sourceTree = "<group>";
		};
		F882D6F92D9802F200152ED9 /* InfoPlist.strings */ = {
			isa = PBXVariantGroup;
			children = (
				F882D6FA2D9802F200152ED9 /* en */,
				F882D6FC2D98032400152ED9 /* ko */,
			);
			name = InfoPlist.strings;
			sourceTree = "<group>";
		};
/* End PBXVariantGroup section */

/* Begin XCBuildConfiguration section */
		F8CB35AC2D8953EA00E5F202 /* Debug */ = {
			isa = XCBuildConfiguration;
			buildSettings = {
				ASSETCATALOG_COMPILER_APPICON_NAME = AppIcon;
				ASSETCATALOG_COMPILER_GLOBAL_ACCENT_COLOR_NAME = AccentColor;
				CODE_SIGN_STYLE = Automatic;
				CURRENT_PROJECT_VERSION = 4;
				DEVELOPMENT_TEAM = PFCLKWG38B;
				GENERATE_INFOPLIST_FILE = YES;
				INFOPLIST_FILE = BariBari/Info.plist;
				INFOPLIST_KEY_CFBundleDisplayName = BariBari;
				INFOPLIST_KEY_NSLocationWhenInUseUsageDescription = "실시간 코스 생성 시에 오토바이 경로를 추적하기 위해 위치 권한이 필요합니다. 백그라운드에서도 추적하려면 '항상 허용'을 선택해주세요.";
				INFOPLIST_KEY_UIApplicationSupportsIndirectInputEvents = YES;
				INFOPLIST_KEY_UILaunchStoryboardName = LaunchScreen;
				INFOPLIST_KEY_UIMainStoryboardFile = "";
				INFOPLIST_KEY_UISupportedInterfaceOrientations = UIInterfaceOrientationPortrait;
				INFOPLIST_KEY_UISupportedInterfaceOrientations_iPad = UIInterfaceOrientationPortrait;
				IPHONEOS_DEPLOYMENT_TARGET = 17.0;
				LD_RUNPATH_SEARCH_PATHS = (
					"$(inherited)",
					"@executable_path/Frameworks",
				);
				MARKETING_VERSION = 1.1.0;
				PRODUCT_BUNDLE_IDENTIFIER = com.hgoo.BariBari;
				PRODUCT_NAME = "$(TARGET_NAME)";
				SUPPORTED_PLATFORMS = "iphoneos iphonesimulator";
				SUPPORTS_MACCATALYST = NO;
				SUPPORTS_MAC_DESIGNED_FOR_IPHONE_IPAD = NO;
				SUPPORTS_XR_DESIGNED_FOR_IPHONE_IPAD = NO;
				SWIFT_EMIT_LOC_STRINGS = YES;
				SWIFT_VERSION = 5.0;
				TARGETED_DEVICE_FAMILY = 1;
			};
			name = Debug;
		};
		F8CB35AD2D8953EA00E5F202 /* Release */ = {
			isa = XCBuildConfiguration;
			buildSettings = {
				ASSETCATALOG_COMPILER_APPICON_NAME = AppIcon;
				ASSETCATALOG_COMPILER_GLOBAL_ACCENT_COLOR_NAME = AccentColor;
				CODE_SIGN_STYLE = Automatic;
				CURRENT_PROJECT_VERSION = 4;
				DEVELOPMENT_TEAM = PFCLKWG38B;
				GENERATE_INFOPLIST_FILE = YES;
				INFOPLIST_FILE = BariBari/Info.plist;
				INFOPLIST_KEY_CFBundleDisplayName = BariBari;
				INFOPLIST_KEY_NSLocationWhenInUseUsageDescription = "실시간 코스 생성 시에 오토바이 경로를 추적하기 위해 위치 권한이 필요합니다. 백그라운드에서도 추적하려면 '항상 허용'을 선택해주세요.";
				INFOPLIST_KEY_UIApplicationSupportsIndirectInputEvents = YES;
				INFOPLIST_KEY_UILaunchStoryboardName = LaunchScreen;
				INFOPLIST_KEY_UIMainStoryboardFile = "";
				INFOPLIST_KEY_UISupportedInterfaceOrientations = UIInterfaceOrientationPortrait;
				INFOPLIST_KEY_UISupportedInterfaceOrientations_iPad = UIInterfaceOrientationPortrait;
				IPHONEOS_DEPLOYMENT_TARGET = 17.0;
				LD_RUNPATH_SEARCH_PATHS = (
					"$(inherited)",
					"@executable_path/Frameworks",
				);
				MARKETING_VERSION = 1.1.0;
				PRODUCT_BUNDLE_IDENTIFIER = com.hgoo.BariBari;
				PRODUCT_NAME = "$(TARGET_NAME)";
				SUPPORTED_PLATFORMS = "iphoneos iphonesimulator";
				SUPPORTS_MACCATALYST = NO;
				SUPPORTS_MAC_DESIGNED_FOR_IPHONE_IPAD = NO;
				SUPPORTS_XR_DESIGNED_FOR_IPHONE_IPAD = NO;
				SWIFT_EMIT_LOC_STRINGS = YES;
				SWIFT_VERSION = 5.0;
				TARGETED_DEVICE_FAMILY = 1;
			};
			name = Release;
		};
		F8CB35AE2D8953EA00E5F202 /* Debug */ = {
			isa = XCBuildConfiguration;
			buildSettings = {
				ALWAYS_SEARCH_USER_PATHS = NO;
				ASSETCATALOG_COMPILER_GENERATE_SWIFT_ASSET_SYMBOL_EXTENSIONS = YES;
				CLANG_ANALYZER_LOCALIZABILITY_NONLOCALIZED = YES;
				CLANG_ANALYZER_NONNULL = YES;
				CLANG_ANALYZER_NUMBER_OBJECT_CONVERSION = YES_AGGRESSIVE;
				CLANG_CXX_LANGUAGE_STANDARD = "gnu++20";
				CLANG_ENABLE_MODULES = YES;
				CLANG_ENABLE_OBJC_ARC = YES;
				CLANG_ENABLE_OBJC_WEAK = YES;
				CLANG_WARN_BLOCK_CAPTURE_AUTORELEASING = YES;
				CLANG_WARN_BOOL_CONVERSION = YES;
				CLANG_WARN_COMMA = YES;
				CLANG_WARN_CONSTANT_CONVERSION = YES;
				CLANG_WARN_DEPRECATED_OBJC_IMPLEMENTATIONS = YES;
				CLANG_WARN_DIRECT_OBJC_ISA_USAGE = YES_ERROR;
				CLANG_WARN_DOCUMENTATION_COMMENTS = YES;
				CLANG_WARN_EMPTY_BODY = YES;
				CLANG_WARN_ENUM_CONVERSION = YES;
				CLANG_WARN_INFINITE_RECURSION = YES;
				CLANG_WARN_INT_CONVERSION = YES;
				CLANG_WARN_NON_LITERAL_NULL_CONVERSION = YES;
				CLANG_WARN_OBJC_IMPLICIT_RETAIN_SELF = YES;
				CLANG_WARN_OBJC_LITERAL_CONVERSION = YES;
				CLANG_WARN_OBJC_ROOT_CLASS = YES_ERROR;
				CLANG_WARN_QUOTED_INCLUDE_IN_FRAMEWORK_HEADER = YES;
				CLANG_WARN_RANGE_LOOP_ANALYSIS = YES;
				CLANG_WARN_STRICT_PROTOTYPES = YES;
				CLANG_WARN_SUSPICIOUS_MOVE = YES;
				CLANG_WARN_UNGUARDED_AVAILABILITY = YES_AGGRESSIVE;
				CLANG_WARN_UNREACHABLE_CODE = YES;
				CLANG_WARN__DUPLICATE_METHOD_MATCH = YES;
				COPY_PHASE_STRIP = NO;
				DEBUG_INFORMATION_FORMAT = dwarf;
				ENABLE_STRICT_OBJC_MSGSEND = YES;
				ENABLE_TESTABILITY = YES;
				ENABLE_USER_SCRIPT_SANDBOXING = YES;
				GCC_C_LANGUAGE_STANDARD = gnu17;
				GCC_DYNAMIC_NO_PIC = NO;
				GCC_NO_COMMON_BLOCKS = YES;
				GCC_OPTIMIZATION_LEVEL = 0;
				GCC_PREPROCESSOR_DEFINITIONS = (
					"DEBUG=1",
					"$(inherited)",
				);
				GCC_WARN_64_TO_32_BIT_CONVERSION = YES;
				GCC_WARN_ABOUT_RETURN_TYPE = YES_ERROR;
				GCC_WARN_UNDECLARED_SELECTOR = YES;
				GCC_WARN_UNINITIALIZED_AUTOS = YES_AGGRESSIVE;
				GCC_WARN_UNUSED_FUNCTION = YES;
				GCC_WARN_UNUSED_VARIABLE = YES;
				IPHONEOS_DEPLOYMENT_TARGET = 18.2;
				LOCALIZATION_PREFERS_STRING_CATALOGS = YES;
				MTL_ENABLE_DEBUG_INFO = INCLUDE_SOURCE;
				MTL_FAST_MATH = YES;
				ONLY_ACTIVE_ARCH = YES;
				SDKROOT = iphoneos;
				SWIFT_ACTIVE_COMPILATION_CONDITIONS = "DEBUG $(inherited)";
				SWIFT_OPTIMIZATION_LEVEL = "-Onone";
			};
			name = Debug;
		};
		F8CB35AF2D8953EA00E5F202 /* Release */ = {
			isa = XCBuildConfiguration;
			buildSettings = {
				ALWAYS_SEARCH_USER_PATHS = NO;
				ASSETCATALOG_COMPILER_GENERATE_SWIFT_ASSET_SYMBOL_EXTENSIONS = YES;
				CLANG_ANALYZER_LOCALIZABILITY_NONLOCALIZED = YES;
				CLANG_ANALYZER_NONNULL = YES;
				CLANG_ANALYZER_NUMBER_OBJECT_CONVERSION = YES_AGGRESSIVE;
				CLANG_CXX_LANGUAGE_STANDARD = "gnu++20";
				CLANG_ENABLE_MODULES = YES;
				CLANG_ENABLE_OBJC_ARC = YES;
				CLANG_ENABLE_OBJC_WEAK = YES;
				CLANG_WARN_BLOCK_CAPTURE_AUTORELEASING = YES;
				CLANG_WARN_BOOL_CONVERSION = YES;
				CLANG_WARN_COMMA = YES;
				CLANG_WARN_CONSTANT_CONVERSION = YES;
				CLANG_WARN_DEPRECATED_OBJC_IMPLEMENTATIONS = YES;
				CLANG_WARN_DIRECT_OBJC_ISA_USAGE = YES_ERROR;
				CLANG_WARN_DOCUMENTATION_COMMENTS = YES;
				CLANG_WARN_EMPTY_BODY = YES;
				CLANG_WARN_ENUM_CONVERSION = YES;
				CLANG_WARN_INFINITE_RECURSION = YES;
				CLANG_WARN_INT_CONVERSION = YES;
				CLANG_WARN_NON_LITERAL_NULL_CONVERSION = YES;
				CLANG_WARN_OBJC_IMPLICIT_RETAIN_SELF = YES;
				CLANG_WARN_OBJC_LITERAL_CONVERSION = YES;
				CLANG_WARN_OBJC_ROOT_CLASS = YES_ERROR;
				CLANG_WARN_QUOTED_INCLUDE_IN_FRAMEWORK_HEADER = YES;
				CLANG_WARN_RANGE_LOOP_ANALYSIS = YES;
				CLANG_WARN_STRICT_PROTOTYPES = YES;
				CLANG_WARN_SUSPICIOUS_MOVE = YES;
				CLANG_WARN_UNGUARDED_AVAILABILITY = YES_AGGRESSIVE;
				CLANG_WARN_UNREACHABLE_CODE = YES;
				CLANG_WARN__DUPLICATE_METHOD_MATCH = YES;
				COPY_PHASE_STRIP = NO;
				DEBUG_INFORMATION_FORMAT = "dwarf-with-dsym";
				ENABLE_NS_ASSERTIONS = NO;
				ENABLE_STRICT_OBJC_MSGSEND = YES;
				ENABLE_USER_SCRIPT_SANDBOXING = YES;
				GCC_C_LANGUAGE_STANDARD = gnu17;
				GCC_NO_COMMON_BLOCKS = YES;
				GCC_WARN_64_TO_32_BIT_CONVERSION = YES;
				GCC_WARN_ABOUT_RETURN_TYPE = YES_ERROR;
				GCC_WARN_UNDECLARED_SELECTOR = YES;
				GCC_WARN_UNINITIALIZED_AUTOS = YES_AGGRESSIVE;
				GCC_WARN_UNUSED_FUNCTION = YES;
				GCC_WARN_UNUSED_VARIABLE = YES;
				IPHONEOS_DEPLOYMENT_TARGET = 18.2;
				LOCALIZATION_PREFERS_STRING_CATALOGS = YES;
				MTL_ENABLE_DEBUG_INFO = NO;
				MTL_FAST_MATH = YES;
				SDKROOT = iphoneos;
				SWIFT_COMPILATION_MODE = wholemodule;
				VALIDATE_PRODUCT = YES;
			};
			name = Release;
		};
/* End XCBuildConfiguration section */

/* Begin XCConfigurationList section */
		F8CB35932D8953E900E5F202 /* Build configuration list for PBXProject "BariBari" */ = {
			isa = XCConfigurationList;
			buildConfigurations = (
				F8CB35AE2D8953EA00E5F202 /* Debug */,
				F8CB35AF2D8953EA00E5F202 /* Release */,
			);
			defaultConfigurationIsVisible = 0;
			defaultConfigurationName = Release;
		};
		F8CB35AB2D8953EA00E5F202 /* Build configuration list for PBXNativeTarget "BariBari" */ = {
			isa = XCConfigurationList;
			buildConfigurations = (
				F8CB35AC2D8953EA00E5F202 /* Debug */,
				F8CB35AD2D8953EA00E5F202 /* Release */,
			);
			defaultConfigurationIsVisible = 0;
			defaultConfigurationName = Release;
		};
/* End XCConfigurationList section */

/* Begin XCRemoteSwiftPackageReference section */
		F86E45FC2DB68E6F00164422 /* XCRemoteSwiftPackageReference "RxDataSources" */ = {
			isa = XCRemoteSwiftPackageReference;
			repositoryURL = "https://github.com/RxSwiftCommunity/RxDataSources.git";
			requirement = {
				kind = upToNextMajorVersion;
				minimumVersion = 5.0.2;
			};
		};
		F882D7A62D9810F900152ED9 /* XCRemoteSwiftPackageReference "RxSwift" */ = {
			isa = XCRemoteSwiftPackageReference;
			repositoryURL = "https://github.com/ReactiveX/RxSwift.git";
			requirement = {
				kind = upToNextMajorVersion;
				minimumVersion = 6.9.0;
			};
		};
		F882D7AB2D98111D00152ED9 /* XCRemoteSwiftPackageReference "Kingfisher" */ = {
			isa = XCRemoteSwiftPackageReference;
			repositoryURL = "https://github.com/onevcat/Kingfisher.git";
			requirement = {
				kind = upToNextMajorVersion;
				minimumVersion = 8.3.1;
			};
		};
		F882D7AE2D98118B00152ED9 /* XCRemoteSwiftPackageReference "realm-swift" */ = {
			isa = XCRemoteSwiftPackageReference;
			repositoryURL = "https://github.com/realm/realm-swift.git";
			requirement = {
				kind = exactVersion;
				version = 20.0.1;
			};
		};
		F882D7B12D9811BE00152ED9 /* XCRemoteSwiftPackageReference "SnapKit" */ = {
			isa = XCRemoteSwiftPackageReference;
			repositoryURL = "https://github.com/SnapKit/SnapKit.git";
			requirement = {
				kind = upToNextMajorVersion;
				minimumVersion = 5.7.1;
			};
		};
		F882D7B42D9811EA00152ED9 /* XCRemoteSwiftPackageReference "Toast-Swift" */ = {
			isa = XCRemoteSwiftPackageReference;
			repositoryURL = "https://github.com/scalessec/Toast-Swift";
			requirement = {
				kind = upToNextMajorVersion;
				minimumVersion = 5.1.1;
			};
		};
		F882D8A22D9AC1DC00152ED9 /* XCRemoteSwiftPackageReference "RxMKMapView" */ = {
			isa = XCRemoteSwiftPackageReference;
			repositoryURL = "https://github.com/RxSwiftCommunity/RxMKMapView.git";
			requirement = {
				kind = upToNextMajorVersion;
				minimumVersion = 6.0.1;
			};
		};
		F882D8A82D9AD01300152ED9 /* XCRemoteSwiftPackageReference "RxCoreLocation" */ = {
			isa = XCRemoteSwiftPackageReference;
			repositoryURL = "https://github.com/RxSwiftCommunity/RxCoreLocation.git";
			requirement = {
				kind = upToNextMajorVersion;
				minimumVersion = 1.5.1;
			};
		};
		F882DAFC2D9D184600152ED9 /* XCRemoteSwiftPackageReference "RxGesture" */ = {
			isa = XCRemoteSwiftPackageReference;
			repositoryURL = "https://github.com/RxSwiftCommunity/RxGesture";
			requirement = {
				kind = upToNextMajorVersion;
				minimumVersion = 4.0.4;
			};
		};
		F882DE9B2DA02CD300152ED9 /* XCRemoteSwiftPackageReference "IQKeyboardManager" */ = {
			isa = XCRemoteSwiftPackageReference;
			repositoryURL = "https://github.com/hackiftekhar/IQKeyboardManager.git";
			requirement = {
				kind = upToNextMajorVersion;
				minimumVersion = 8.0.1;
			};
		};
/* End XCRemoteSwiftPackageReference section */

/* Begin XCSwiftPackageProductDependency section */
		F86E45FD2DB68E6F00164422 /* Differentiator */ = {
			isa = XCSwiftPackageProductDependency;
			package = F86E45FC2DB68E6F00164422 /* XCRemoteSwiftPackageReference "RxDataSources" */;
			productName = Differentiator;
		};
		F86E45FF2DB68E6F00164422 /* RxDataSources */ = {
			isa = XCSwiftPackageProductDependency;
			package = F86E45FC2DB68E6F00164422 /* XCRemoteSwiftPackageReference "RxDataSources" */;
			productName = RxDataSources;
		};
		F882D7A72D9810F900152ED9 /* RxCocoa */ = {
			isa = XCSwiftPackageProductDependency;
			package = F882D7A62D9810F900152ED9 /* XCRemoteSwiftPackageReference "RxSwift" */;
			productName = RxCocoa;
		};
		F882D7A92D9810F900152ED9 /* RxSwift */ = {
			isa = XCSwiftPackageProductDependency;
			package = F882D7A62D9810F900152ED9 /* XCRemoteSwiftPackageReference "RxSwift" */;
			productName = RxSwift;
		};
		F882D7AC2D98111D00152ED9 /* Kingfisher */ = {
			isa = XCSwiftPackageProductDependency;
			package = F882D7AB2D98111D00152ED9 /* XCRemoteSwiftPackageReference "Kingfisher" */;
			productName = Kingfisher;
		};
		F882D7AF2D98118B00152ED9 /* RealmSwift */ = {
			isa = XCSwiftPackageProductDependency;
			package = F882D7AE2D98118B00152ED9 /* XCRemoteSwiftPackageReference "realm-swift" */;
			productName = RealmSwift;
		};
		F882D7B22D9811BE00152ED9 /* SnapKit */ = {
			isa = XCSwiftPackageProductDependency;
			package = F882D7B12D9811BE00152ED9 /* XCRemoteSwiftPackageReference "SnapKit" */;
			productName = SnapKit;
		};
		F882D7B52D9811EA00152ED9 /* Toast */ = {
			isa = XCSwiftPackageProductDependency;
			package = F882D7B42D9811EA00152ED9 /* XCRemoteSwiftPackageReference "Toast-Swift" */;
			productName = Toast;
		};
		F882D8A32D9AC1DC00152ED9 /* RxMKMapView */ = {
			isa = XCSwiftPackageProductDependency;
			package = F882D8A22D9AC1DC00152ED9 /* XCRemoteSwiftPackageReference "RxMKMapView" */;
			productName = RxMKMapView;
		};
		F882D8A92D9AD01300152ED9 /* RxCoreLocation */ = {
			isa = XCSwiftPackageProductDependency;
			package = F882D8A82D9AD01300152ED9 /* XCRemoteSwiftPackageReference "RxCoreLocation" */;
			productName = RxCoreLocation;
		};
		F882DAFD2D9D184600152ED9 /* RxGesture */ = {
			isa = XCSwiftPackageProductDependency;
			package = F882DAFC2D9D184600152ED9 /* XCRemoteSwiftPackageReference "RxGesture" */;
			productName = RxGesture;
		};
		F882DE9C2DA02CD300152ED9 /* IQKeyboardManagerSwift */ = {
			isa = XCSwiftPackageProductDependency;
			package = F882DE9B2DA02CD300152ED9 /* XCRemoteSwiftPackageReference "IQKeyboardManager" */;
			productName = IQKeyboardManagerSwift;
		};
/* End XCSwiftPackageProductDependency section */
	};
	rootObject = F8CB35902D8953E900E5F202 /* Project object */;
}
